{
    "version": 3,
    "terraform_version": "0.11.11",
    "serial": 14,
    "lineage": "b8468eda-5f89-9d87-3287-a074060299e3",
    "modules": [
        {
            "path": [
                "root"
            ],
            "outputs": {},
            "resources": {
                "aws_autoscaling_group.ecs-spot": {
                    "type": "aws_autoscaling_group",
                    "depends_on": [
                        "aws_launch_configuration.ecs-spot",
                        "module.vpc"
                    ],
                    "primary": {
                        "id": "bumblebee-prod-ecs-spot-asg",
                        "attributes": {
                            "arn": "arn:aws:autoscaling:us-east-1:860030201430:autoScalingGroup:364fbd90-2eba-48e4-94ba-f3d06504d0b0:autoScalingGroupName/bumblebee-prod-ecs-spot-asg",
                            "availability_zones.#": "2",
                            "availability_zones.3569565595": "us-east-1a",
                            "availability_zones.986537655": "us-east-1c",
                            "default_cooldown": "300",
                            "desired_capacity": "1",
                            "enabled_metrics.#": "0",
                            "force_delete": "true",
                            "health_check_grace_period": "300",
                            "health_check_type": "EC2",
                            "id": "bumblebee-prod-ecs-spot-asg",
                            "launch_configuration": "bumblebee-prod-ecs-spot-lc-20190203082758849700000001",
                            "launch_template.#": "0",
                            "load_balancers.#": "0",
                            "max_size": "2",
                            "metrics_granularity": "1Minute",
                            "min_size": "1",
                            "mixed_instances_policy.#": "0",
                            "name": "bumblebee-prod-ecs-spot-asg",
                            "placement_group": "",
                            "protect_from_scale_in": "false",
                            "service_linked_role_arn": "arn:aws:iam::860030201430:role/aws-service-role/autoscaling.amazonaws.com/AWSServiceRoleForAutoScaling",
                            "suspended_processes.#": "0",
                            "tag.#": "2",
                            "tag.2297209221.key": "Project",
                            "tag.2297209221.propagate_at_launch": "true",
                            "tag.2297209221.value": "bumblebee-prod",
                            "tag.54368098.key": "Name",
                            "tag.54368098.propagate_at_launch": "true",
                            "tag.54368098.value": "bumblebee-prod-ecs",
                            "target_group_arns.#": "0",
                            "termination_policies.#": "0",
                            "vpc_zone_identifier.#": "2",
                            "vpc_zone_identifier.2177362107": "subnet-00de4acd27a477d75",
                            "vpc_zone_identifier.4064681509": "subnet-0585e52055865e24c",
                            "wait_for_capacity_timeout": "10m"
                        },
                        "meta": {
                            "e2bfb730-ecaa-11e6-8f88-34363bc7c4c0": {
                                "delete": 600000000000
                            }
                        },
                        "tainted": false
                    },
                    "deposed": [],
                    "provider": "provider.aws"
                },
                "aws_autoscaling_policy.ecs-spot-scaling-down": {
                    "type": "aws_autoscaling_policy",
                    "depends_on": [
                        "aws_autoscaling_group.ecs-spot"
                    ],
                    "primary": {
                        "id": "bumblebee-prod-ecs-spot-scaling-down",
                        "attributes": {
                            "adjustment_type": "ChangeInCapacity",
                            "arn": "arn:aws:autoscaling:us-east-1:860030201430:scalingPolicy:e88bb540-c00b-478a-bcb6-5d2dc5d398a1:autoScalingGroupName/bumblebee-prod-ecs-spot-asg:policyName/bumblebee-prod-ecs-spot-scaling-down",
                            "autoscaling_group_name": "bumblebee-prod-ecs-spot-asg",
                            "cooldown": "300",
                            "estimated_instance_warmup": "0",
                            "id": "bumblebee-prod-ecs-spot-scaling-down",
                            "metric_aggregation_type": "",
                            "min_adjustment_step": "0",
                            "name": "bumblebee-prod-ecs-spot-scaling-down",
                            "policy_type": "SimpleScaling",
                            "scaling_adjustment": "-1",
                            "step_adjustment.#": "0",
                            "target_tracking_configuration.#": "0"
                        },
                        "meta": {},
                        "tainted": false
                    },
                    "deposed": [],
                    "provider": "provider.aws"
                },
                "aws_autoscaling_policy.ecs-spot-scaling-up": {
                    "type": "aws_autoscaling_policy",
                    "depends_on": [
                        "aws_autoscaling_group.ecs-spot"
                    ],
                    "primary": {
                        "id": "bumblebee-prod-ecs-spot-scaling-up",
                        "attributes": {
                            "adjustment_type": "ChangeInCapacity",
                            "arn": "arn:aws:autoscaling:us-east-1:860030201430:scalingPolicy:054812cb-7838-474f-9a02-a7ae2b346358:autoScalingGroupName/bumblebee-prod-ecs-spot-asg:policyName/bumblebee-prod-ecs-spot-scaling-up",
                            "autoscaling_group_name": "bumblebee-prod-ecs-spot-asg",
                            "cooldown": "300",
                            "estimated_instance_warmup": "0",
                            "id": "bumblebee-prod-ecs-spot-scaling-up",
                            "metric_aggregation_type": "",
                            "min_adjustment_step": "0",
                            "name": "bumblebee-prod-ecs-spot-scaling-up",
                            "policy_type": "SimpleScaling",
                            "scaling_adjustment": "1",
                            "step_adjustment.#": "0",
                            "target_tracking_configuration.#": "0"
                        },
                        "meta": {},
                        "tainted": false
                    },
                    "deposed": [],
                    "provider": "provider.aws"
                },
                "aws_cloudwatch_log_group.container-log": {
                    "type": "aws_cloudwatch_log_group",
                    "depends_on": [],
                    "primary": {
                        "id": "/bumblebee-prod/bumblebee/container-log",
                        "attributes": {
                            "arn": "arn:aws:logs:us-east-1:860030201430:log-group:/bumblebee-prod/bumblebee/container-log:*",
                            "id": "/bumblebee-prod/bumblebee/container-log",
                            "kms_key_id": "",
                            "name": "/bumblebee-prod/bumblebee/container-log",
                            "retention_in_days": "0",
                            "tags.%": "1",
                            "tags.Project": "bumblebee-prod"
                        },
                        "meta": {},
                        "tainted": false
                    },
                    "deposed": [],
                    "provider": "provider.aws"
                },
                "aws_cloudwatch_metric_alarm.ecs-memory-utilization": {
                    "type": "aws_cloudwatch_metric_alarm",
                    "depends_on": [
                        "aws_ecs_cluster.main",
                        "aws_ecs_service.main",
                        "aws_sns_topic.email-notification"
                    ],
                    "primary": {
                        "id": "bumblebee-prod-ecs-memory-utilization",
                        "attributes": {
                            "actions_enabled": "true",
                            "alarm_actions.#": "1",
                            "alarm_actions.2297617742": "arn:aws:sns:us-east-1:860030201430:bumblebee-prod-email-notification",
                            "alarm_description": "",
                            "alarm_name": "bumblebee-prod-ecs-memory-utilization",
                            "arn": "arn:aws:cloudwatch:us-east-1:860030201430:alarm:bumblebee-prod-ecs-memory-utilization",
                            "comparison_operator": "GreaterThanThreshold",
                            "datapoints_to_alarm": "0",
                            "dimensions.%": "2",
                            "dimensions.ClusterName": "bumblebee-prod",
                            "dimensions.ServiceName": "bumblebee",
                            "evaluate_low_sample_count_percentiles": "",
                            "evaluation_periods": "1",
                            "extended_statistic": "",
                            "id": "bumblebee-prod-ecs-memory-utilization",
                            "insufficient_data_actions.#": "0",
                            "metric_name": "MemoryUtilization",
                            "namespace": "AWS/ECS",
                            "ok_actions.#": "1",
                            "ok_actions.2297617742": "arn:aws:sns:us-east-1:860030201430:bumblebee-prod-email-notification",
                            "period": "60",
                            "statistic": "Average",
                            "threshold": "90",
                            "treat_missing_data": "notBreaching",
                            "unit": ""
                        },
                        "meta": {
                            "schema_version": "1"
                        },
                        "tainted": false
                    },
                    "deposed": [],
                    "provider": "provider.aws"
                },
                "aws_cloudwatch_metric_alarm.ecs-spot-scaling-down": {
                    "type": "aws_cloudwatch_metric_alarm",
                    "depends_on": [
                        "aws_autoscaling_policy.ecs-spot-scaling-down",
                        "aws_ecs_cluster.main"
                    ],
                    "primary": {
                        "id": "bumblebee-prod-ecs-spot-scaling-down",
                        "attributes": {
                            "actions_enabled": "true",
                            "alarm_actions.#": "1",
                            "alarm_actions.2095702325": "arn:aws:autoscaling:us-east-1:860030201430:scalingPolicy:e88bb540-c00b-478a-bcb6-5d2dc5d398a1:autoScalingGroupName/bumblebee-prod-ecs-spot-asg:policyName/bumblebee-prod-ecs-spot-scaling-down",
                            "alarm_description": "Cluster cpu reservation below 0%",
                            "alarm_name": "bumblebee-prod-ecs-spot-scaling-down",
                            "arn": "arn:aws:cloudwatch:us-east-1:860030201430:alarm:bumblebee-prod-ecs-spot-scaling-down",
                            "comparison_operator": "LessThanThreshold",
                            "datapoints_to_alarm": "0",
                            "dimensions.%": "1",
                            "dimensions.ClusterName": "bumblebee-prod",
                            "evaluate_low_sample_count_percentiles": "",
                            "evaluation_periods": "5",
                            "extended_statistic": "",
                            "id": "bumblebee-prod-ecs-spot-scaling-down",
                            "insufficient_data_actions.#": "0",
                            "metric_name": "CPUReservation",
                            "namespace": "AWS/ECS",
                            "ok_actions.#": "0",
                            "period": "60",
                            "statistic": "Average",
                            "threshold": "0",
                            "treat_missing_data": "notBreaching",
                            "unit": ""
                        },
                        "meta": {
                            "schema_version": "1"
                        },
                        "tainted": false
                    },
                    "deposed": [],
                    "provider": "provider.aws"
                },
                "aws_cloudwatch_metric_alarm.ecs-spot-scaling-up": {
                    "type": "aws_cloudwatch_metric_alarm",
                    "depends_on": [
                        "aws_autoscaling_policy.ecs-spot-scaling-up",
                        "aws_ecs_cluster.main"
                    ],
                    "primary": {
                        "id": "bumblebee-prod-ecs-spot-scaling-up",
                        "attributes": {
                            "actions_enabled": "true",
                            "alarm_actions.#": "1",
                            "alarm_actions.902180620": "arn:aws:autoscaling:us-east-1:860030201430:scalingPolicy:054812cb-7838-474f-9a02-a7ae2b346358:autoScalingGroupName/bumblebee-prod-ecs-spot-asg:policyName/bumblebee-prod-ecs-spot-scaling-up",
                            "alarm_description": "Cluster cpu reservation above 100%",
                            "alarm_name": "bumblebee-prod-ecs-spot-scaling-up",
                            "arn": "arn:aws:cloudwatch:us-east-1:860030201430:alarm:bumblebee-prod-ecs-spot-scaling-up",
                            "comparison_operator": "GreaterThanOrEqualToThreshold",
                            "datapoints_to_alarm": "0",
                            "dimensions.%": "1",
                            "dimensions.ClusterName": "bumblebee-prod",
                            "evaluate_low_sample_count_percentiles": "",
                            "evaluation_periods": "1",
                            "extended_statistic": "",
                            "id": "bumblebee-prod-ecs-spot-scaling-up",
                            "insufficient_data_actions.#": "0",
                            "metric_name": "CPUReservation",
                            "namespace": "AWS/ECS",
                            "ok_actions.#": "0",
                            "period": "60",
                            "statistic": "Average",
                            "threshold": "100",
                            "treat_missing_data": "notBreaching",
                            "unit": ""
                        },
                        "meta": {
                            "schema_version": "1"
                        },
                        "tainted": false
                    },
                    "deposed": [],
                    "provider": "provider.aws"
                },
                "aws_cloudwatch_metric_alarm.healthy-host-count": {
                    "type": "aws_cloudwatch_metric_alarm",
                    "depends_on": [
                        "aws_lb.main",
                        "aws_lb_target_group.main",
                        "aws_sns_topic.email-notification"
                    ],
                    "primary": {
                        "id": "bumblebee-prod-healthy-host-count",
                        "attributes": {
                            "actions_enabled": "true",
                            "alarm_actions.#": "1",
                            "alarm_actions.2297617742": "arn:aws:sns:us-east-1:860030201430:bumblebee-prod-email-notification",
                            "alarm_description": "",
                            "alarm_name": "bumblebee-prod-healthy-host-count",
                            "arn": "arn:aws:cloudwatch:us-east-1:860030201430:alarm:bumblebee-prod-healthy-host-count",
                            "comparison_operator": "LessThanThreshold",
                            "datapoints_to_alarm": "0",
                            "dimensions.%": "2",
                            "dimensions.LoadBalancer": "app/bumblebee-prod/33b846bba6c498c9",
                            "dimensions.TargetGroup": "targetgroup/bumblebee-prod/4d04eeca61ec0e2b",
                            "evaluate_low_sample_count_percentiles": "",
                            "evaluation_periods": "1",
                            "extended_statistic": "",
                            "id": "bumblebee-prod-healthy-host-count",
                            "insufficient_data_actions.#": "0",
                            "metric_name": "HealthyHostCount",
                            "namespace": "AWS/ApplicationELB",
                            "ok_actions.#": "1",
                            "ok_actions.2297617742": "arn:aws:sns:us-east-1:860030201430:bumblebee-prod-email-notification",
                            "period": "60",
                            "statistic": "Minimum",
                            "threshold": "1",
                            "treat_missing_data": "notBreaching",
                            "unit": ""
                        },
                        "meta": {
                            "schema_version": "1"
                        },
                        "tainted": false
                    },
                    "deposed": [],
                    "provider": "provider.aws"
                },
                "aws_cloudwatch_metric_alarm.route53-health-check": {
                    "type": "aws_cloudwatch_metric_alarm",
                    "depends_on": [
                        "aws_route53_health_check.main",
                        "aws_sns_topic.email-notification"
                    ],
                    "primary": {
                        "id": "bumblebee-prod-route53-health-check",
                        "attributes": {
                            "actions_enabled": "true",
                            "alarm_actions.#": "1",
                            "alarm_actions.2297617742": "arn:aws:sns:us-east-1:860030201430:bumblebee-prod-email-notification",
                            "alarm_description": "",
                            "alarm_name": "bumblebee-prod-route53-health-check",
                            "arn": "arn:aws:cloudwatch:us-east-1:860030201430:alarm:bumblebee-prod-route53-health-check",
                            "comparison_operator": "LessThanThreshold",
                            "datapoints_to_alarm": "0",
                            "dimensions.%": "1",
                            "dimensions.HealthCheckId": "ce6041a3-a829-4b03-9db3-82902ad9f824",
                            "evaluate_low_sample_count_percentiles": "",
                            "evaluation_periods": "3",
                            "extended_statistic": "",
                            "id": "bumblebee-prod-route53-health-check",
                            "insufficient_data_actions.#": "0",
                            "metric_name": "HealthCheckPercentageHealthy",
                            "namespace": "AWS/Route53",
                            "ok_actions.#": "1",
                            "ok_actions.2297617742": "arn:aws:sns:us-east-1:860030201430:bumblebee-prod-email-notification",
                            "period": "300",
                            "statistic": "Average",
                            "threshold": "70",
                            "treat_missing_data": "notBreaching",
                            "unit": ""
                        },
                        "meta": {
                            "schema_version": "1"
                        },
                        "tainted": false
                    },
                    "deposed": [],
                    "provider": "provider.aws"
                },
                "aws_cloudwatch_metric_alarm.tg-5XX": {
                    "type": "aws_cloudwatch_metric_alarm",
                    "depends_on": [
                        "aws_lb.main",
                        "aws_lb_target_group.main",
                        "aws_sns_topic.email-notification"
                    ],
                    "primary": {
                        "id": "bumblebee-prod-tg-5XX",
                        "attributes": {
                            "actions_enabled": "true",
                            "alarm_actions.#": "1",
                            "alarm_actions.2297617742": "arn:aws:sns:us-east-1:860030201430:bumblebee-prod-email-notification",
                            "alarm_description": "",
                            "alarm_name": "bumblebee-prod-tg-5XX",
                            "arn": "arn:aws:cloudwatch:us-east-1:860030201430:alarm:bumblebee-prod-tg-5XX",
                            "comparison_operator": "GreaterThanThreshold",
                            "datapoints_to_alarm": "0",
                            "dimensions.%": "2",
                            "dimensions.LoadBalancer": "app/bumblebee-prod/33b846bba6c498c9",
                            "dimensions.TargetGroup": "targetgroup/bumblebee-prod/4d04eeca61ec0e2b",
                            "evaluate_low_sample_count_percentiles": "",
                            "evaluation_periods": "1",
                            "extended_statistic": "",
                            "id": "bumblebee-prod-tg-5XX",
                            "insufficient_data_actions.#": "0",
                            "metric_name": "HTTPCode_Target_5XX_Count",
                            "namespace": "AWS/ApplicationELB",
                            "ok_actions.#": "1",
                            "ok_actions.2297617742": "arn:aws:sns:us-east-1:860030201430:bumblebee-prod-email-notification",
                            "period": "60",
                            "statistic": "Sum",
                            "threshold": "0",
                            "treat_missing_data": "notBreaching",
                            "unit": ""
                        },
                        "meta": {
                            "schema_version": "1"
                        },
                        "tainted": false
                    },
                    "deposed": [],
                    "provider": "provider.aws"
                },
                "aws_ecs_cluster.main": {
                    "type": "aws_ecs_cluster",
                    "depends_on": [],
                    "primary": {
                        "id": "arn:aws:ecs:us-east-1:860030201430:cluster/bumblebee-prod",
                        "attributes": {
                            "arn": "arn:aws:ecs:us-east-1:860030201430:cluster/bumblebee-prod",
                            "id": "arn:aws:ecs:us-east-1:860030201430:cluster/bumblebee-prod",
                            "name": "bumblebee-prod",
                            "tags.%": "0"
                        },
                        "meta": {},
                        "tainted": false
                    },
                    "deposed": [],
                    "provider": "provider.aws"
                },
                "aws_ecs_service.main": {
                    "type": "aws_ecs_service",
                    "depends_on": [
                        "aws_ecs_cluster.main",
                        "aws_ecs_task_definition.main",
                        "aws_lb_listener_rule.http",
                        "aws_lb_listener_rule.https",
                        "aws_lb_target_group.main",
                        "aws_security_group.ecs-service-server",
                        "module.vpc"
                    ],
                    "primary": {
                        "id": "arn:aws:ecs:us-east-1:860030201430:service/bumblebee",
                        "attributes": {
                            "cluster": "arn:aws:ecs:us-east-1:860030201430:cluster/bumblebee-prod",
                            "deployment_controller.#": "1",
                            "deployment_controller.0.type": "ECS",
                            "deployment_maximum_percent": "200",
                            "deployment_minimum_healthy_percent": "100",
                            "desired_count": "1",
                            "enable_ecs_managed_tags": "false",
                            "health_check_grace_period_seconds": "5",
                            "iam_role": "aws-service-role",
                            "id": "arn:aws:ecs:us-east-1:860030201430:service/bumblebee",
                            "launch_type": "EC2",
                            "load_balancer.#": "1",
                            "load_balancer.1383074760.container_name": "rails-app",
                            "load_balancer.1383074760.container_port": "80",
                            "load_balancer.1383074760.elb_name": "",
                            "load_balancer.1383074760.target_group_arn": "arn:aws:elasticloadbalancing:us-east-1:860030201430:targetgroup/bumblebee-prod/4d04eeca61ec0e2b",
                            "name": "bumblebee",
                            "network_configuration.#": "1",
                            "network_configuration.0.assign_public_ip": "false",
                            "network_configuration.0.security_groups.#": "1",
                            "network_configuration.0.security_groups.3814739848": "sg-02ca3184a3665244a",
                            "network_configuration.0.subnets.#": "2",
                            "network_configuration.0.subnets.2177362107": "subnet-00de4acd27a477d75",
                            "network_configuration.0.subnets.4064681509": "subnet-0585e52055865e24c",
                            "ordered_placement_strategy.#": "0",
                            "placement_constraints.#": "0",
                            "platform_version": "",
                            "propagate_tags": "NONE",
                            "scheduling_strategy": "REPLICA",
                            "service_registries.#": "0",
                            "tags.%": "0",
                            "task_definition": "arn:aws:ecs:us-east-1:860030201430:task-definition/bumblebee-prod:2"
                        },
                        "meta": {},
                        "tainted": false
                    },
                    "deposed": [],
                    "provider": "provider.aws"
                },
                "aws_ecs_task_definition.main": {
                    "type": "aws_ecs_task_definition",
                    "depends_on": [
                        "aws_iam_role.ecs-task",
                        "data.template_file.main"
                    ],
                    "primary": {
                        "id": "bumblebee-prod",
                        "attributes": {
                            "arn": "arn:aws:ecs:us-east-1:860030201430:task-definition/bumblebee-prod:2",
                            "container_definitions": "[{\"cpu\":1024,\"environment\":[{\"name\":\"AWS_ECS_CLUSTER_NAME\",\"value\":\"bumblebee-prod\"},{\"name\":\"SEKRETS_PS_REGION\",\"value\":\"us-east-1\"},{\"name\":\"SEKRETS_PS_NAME\",\"value\":\"/bumblebee/sekrets_key\"},{\"name\":\"AWS_ECS_SERVICE_NAME\",\"value\":\"bumblebee\"},{\"name\":\"STACK_ENV\",\"value\":\"prod\"}],\"essential\":true,\"image\":\"860030201430.dkr.ecr.us-east-1.amazonaws.com/bumblebee:latest\",\"logConfiguration\":{\"logDriver\":\"awslogs\",\"options\":{\"awslogs-group\":\"/bumblebee-prod/bumblebee/container-log\",\"awslogs-region\":\"us-east-1\",\"awslogs-stream-prefix\":\"ecs\"}},\"memoryReservation\":900,\"mountPoints\":[],\"name\":\"rails-app\",\"portMappings\":[{\"containerPort\":80,\"hostPort\":80,\"protocol\":\"tcp\"}],\"volumesFrom\":[]}]",
                            "cpu": "1024",
                            "execution_role_arn": "arn:aws:iam::860030201430:role/bumblebee-prod-ecs-task-execution-role",
                            "family": "bumblebee-prod",
                            "id": "bumblebee-prod",
                            "memory": "900",
                            "network_mode": "awsvpc",
                            "placement_constraints.#": "0",
                            "requires_compatibilities.#": "1",
                            "requires_compatibilities.2737437151": "EC2",
                            "revision": "2",
                            "tags.%": "0",
                            "task_role_arn": "arn:aws:iam::860030201430:role/bumblebee-prod-ecs-task-execution-role",
                            "volume.#": "0"
                        },
                        "meta": {
                            "schema_version": "1"
                        },
                        "tainted": false
                    },
                    "deposed": [],
                    "provider": "provider.aws"
                },
                "aws_iam_instance_profile.ecs-ec2": {
                    "type": "aws_iam_instance_profile",
                    "depends_on": [
                        "aws_iam_role.ecs-ec2"
                    ],
                    "primary": {
                        "id": "bumblebee-prod-ecs-ec2-role",
                        "attributes": {
                            "arn": "arn:aws:iam::860030201430:instance-profile/bumblebee-prod-ecs-ec2-role",
                            "create_date": "2019-02-03T07:23:49Z",
                            "id": "bumblebee-prod-ecs-ec2-role",
                            "name": "bumblebee-prod-ecs-ec2-role",
                            "path": "/",
                            "role": "bumblebee-prod-ecs-ec2-role",
                            "roles.#": "1",
                            "roles.2207403034": "bumblebee-prod-ecs-ec2-role",
                            "unique_id": "AIPAJADWUTENOIMWAPPPM"
                        },
                        "meta": {},
                        "tainted": false
                    },
                    "deposed": [],
                    "provider": "provider.aws"
                },
                "aws_iam_role.ecs-ec2": {
                    "type": "aws_iam_role",
                    "depends_on": [],
                    "primary": {
                        "id": "bumblebee-prod-ecs-ec2-role",
                        "attributes": {
                            "arn": "arn:aws:iam::860030201430:role/bumblebee-prod-ecs-ec2-role",
                            "assume_role_policy": "{\"Version\":\"2008-10-17\",\"Statement\":[{\"Effect\":\"Allow\",\"Principal\":{\"Service\":[\"ssm.amazonaws.com\",\"ec2.amazonaws.com\"]},\"Action\":\"sts:AssumeRole\"}]}",
                            "create_date": "2019-02-03T07:23:46Z",
                            "description": "",
                            "force_detach_policies": "false",
                            "id": "bumblebee-prod-ecs-ec2-role",
                            "max_session_duration": "3600",
                            "name": "bumblebee-prod-ecs-ec2-role",
                            "path": "/",
                            "tags.%": "0",
                            "unique_id": "AROAJZS7THMQ24Q2MZWYQ"
                        },
                        "meta": {},
                        "tainted": false
                    },
                    "deposed": [],
                    "provider": "provider.aws"
                },
                "aws_iam_role.ecs-task": {
                    "type": "aws_iam_role",
                    "depends_on": [],
                    "primary": {
                        "id": "bumblebee-prod-ecs-task-execution-role",
                        "attributes": {
                            "arn": "arn:aws:iam::860030201430:role/bumblebee-prod-ecs-task-execution-role",
                            "assume_role_policy": "{\"Version\":\"2012-10-17\",\"Statement\":[{\"Effect\":\"Allow\",\"Principal\":{\"Service\":\"ecs-tasks.amazonaws.com\"},\"Action\":\"sts:AssumeRole\"}]}",
                            "create_date": "2019-02-03T07:23:46Z",
                            "description": "",
                            "force_detach_policies": "false",
                            "id": "bumblebee-prod-ecs-task-execution-role",
                            "max_session_duration": "3600",
                            "name": "bumblebee-prod-ecs-task-execution-role",
                            "path": "/",
                            "tags.%": "0",
                            "unique_id": "AROAJG7TVADRDJWCQB7RU"
                        },
                        "meta": {},
                        "tainted": false
                    },
                    "deposed": [],
                    "provider": "provider.aws"
                },
                "aws_iam_role_policy.ecs-ec2": {
                    "type": "aws_iam_role_policy",
                    "depends_on": [
                        "aws_iam_role.ecs-ec2",
                        "data.aws_iam_policy_document.ecs-ec2"
                    ],
                    "primary": {
                        "id": "bumblebee-prod-ecs-ec2-role:bumblebee-prod-ecs-ec2-role-policy",
                        "attributes": {
                            "id": "bumblebee-prod-ecs-ec2-role:bumblebee-prod-ecs-ec2-role-policy",
                            "name": "bumblebee-prod-ecs-ec2-role-policy",
                            "policy": "{\n  \"Version\": \"2012-10-17\",\n  \"Statement\": [\n    {\n      \"Sid\": \"\",\n      \"Effect\": \"Allow\",\n      \"Action\": [\n        \"ssm:*\",\n        \"sns:Publish\",\n        \"s3:PutObjectAcl\",\n        \"s3:PutObject\",\n        \"s3:ListBucket\",\n        \"s3:GetObjectAcl\",\n        \"s3:GetObject\",\n        \"logs:PutLogEvents\",\n        \"logs:DescribeLogStreams\",\n        \"logs:CreateLogStream\",\n        \"logs:CreateLogGroup\",\n        \"ecs:*\",\n        \"ecr:*\",\n        \"cloudwatch:*\"\n      ],\n      \"Resource\": \"*\"\n    }\n  ]\n}",
                            "role": "bumblebee-prod-ecs-ec2-role"
                        },
                        "meta": {},
                        "tainted": false
                    },
                    "deposed": [],
                    "provider": "provider.aws"
                },
                "aws_iam_role_policy.ecs-task": {
                    "type": "aws_iam_role_policy",
                    "depends_on": [
                        "aws_iam_role.ecs-task",
                        "data.aws_iam_policy_document.ecs-task"
                    ],
                    "primary": {
                        "id": "bumblebee-prod-ecs-task-execution-role:bumblebee-prod-ecs-task-execution-role-policy",
                        "attributes": {
                            "id": "bumblebee-prod-ecs-task-execution-role:bumblebee-prod-ecs-task-execution-role-policy",
                            "name": "bumblebee-prod-ecs-task-execution-role-policy",
                            "policy": "{\n  \"Version\": \"2012-10-17\",\n  \"Statement\": [\n    {\n      \"Sid\": \"\",\n      \"Effect\": \"Allow\",\n      \"Action\": [\n        \"ssm:*\",\n        \"sns:Publish\",\n        \"s3:PutObjectAcl\",\n        \"s3:PutObject\",\n        \"s3:ListBucket\",\n        \"s3:GetObjectAcl\",\n        \"s3:GetObject\",\n        \"logs:PutLogEvents\",\n        \"logs:DescribeLogStreams\",\n        \"logs:CreateLogStream\",\n        \"logs:CreateLogGroup\",\n        \"ecs:*\",\n        \"ecr:*\",\n        \"cloudwatch:*\"\n      ],\n      \"Resource\": \"*\"\n    }\n  ]\n}",
                            "role": "bumblebee-prod-ecs-task-execution-role"
                        },
                        "meta": {},
                        "tainted": false
                    },
                    "deposed": [],
                    "provider": "provider.aws"
                },
                "aws_iam_role_policy_attachment.ecs-ec2-ssm": {
                    "type": "aws_iam_role_policy_attachment",
                    "depends_on": [
                        "aws_iam_role.ecs-ec2"
                    ],
                    "primary": {
                        "id": "bumblebee-prod-ecs-ec2-role-20190203072349989400000002",
                        "attributes": {
                            "id": "bumblebee-prod-ecs-ec2-role-20190203072349989400000002",
                            "policy_arn": "arn:aws:iam::aws:policy/service-role/AmazonEC2RoleforSSM",
                            "role": "bumblebee-prod-ecs-ec2-role"
                        },
                        "meta": {},
                        "tainted": false
                    },
                    "deposed": [],
                    "provider": "provider.aws"
                },
                "aws_iam_role_policy_attachment.ecs-task": {
                    "type": "aws_iam_role_policy_attachment",
                    "depends_on": [
                        "aws_iam_role.ecs-task"
                    ],
                    "primary": {
                        "id": "bumblebee-prod-ecs-task-execution-role-20190203072349988300000001",
                        "attributes": {
                            "id": "bumblebee-prod-ecs-task-execution-role-20190203072349988300000001",
                            "policy_arn": "arn:aws:iam::aws:policy/service-role/AmazonECSTaskExecutionRolePolicy",
                            "role": "bumblebee-prod-ecs-task-execution-role"
                        },
                        "meta": {},
                        "tainted": false
                    },
                    "deposed": [],
                    "provider": "provider.aws"
                },
                "aws_launch_configuration.ecs-spot": {
                    "type": "aws_launch_configuration",
                    "depends_on": [],
                    "primary": {
                        "id": "bumblebee-prod-ecs-spot-lc-20190203082758849700000001",
                        "attributes": {
                            "associate_public_ip_address": "false",
                            "ebs_block_device.#": "1",
                            "ebs_block_device.103631248.delete_on_termination": "true",
                            "ebs_block_device.103631248.device_name": "/dev/xvdcz",
                            "ebs_block_device.103631248.encrypted": "false",
                            "ebs_block_device.103631248.iops": "0",
                            "ebs_block_device.103631248.no_device": "false",
                            "ebs_block_device.103631248.snapshot_id": "",
                            "ebs_block_device.103631248.volume_size": "22",
                            "ebs_block_device.103631248.volume_type": "gp2",
                            "ebs_optimized": "false",
                            "enable_monitoring": "true",
                            "ephemeral_block_device.#": "0",
                            "iam_instance_profile": "bumblebee-prod-ecs-ec2-role",
                            "id": "bumblebee-prod-ecs-spot-lc-20190203082758849700000001",
                            "image_id": "ami-0bf2fb355727b7faf",
                            "instance_type": "t3.micro",
                            "key_name": "bumblebee-201902031529",
                            "name": "bumblebee-prod-ecs-spot-lc-20190203082758849700000001",
                            "name_prefix": "bumblebee-prod-ecs-spot-lc-",
                            "root_block_device.#": "1",
                            "root_block_device.0.delete_on_termination": "true",
                            "root_block_device.0.iops": "0",
                            "root_block_device.0.volume_size": "8",
                            "root_block_device.0.volume_type": "gp2",
                            "security_groups.#": "1",
                            "security_groups.3388384072": "sg-0e330f088439ca848",
                            "spot_price": "0.0045",
                            "user_data": "24472c4e9159562846c3dc104893beae10aae217",
                            "vpc_classic_link_id": "",
                            "vpc_classic_link_security_groups.#": "0"
                        },
                        "meta": {},
                        "tainted": false
                    },
                    "deposed": [],
                    "provider": "provider.aws"
                },
                "aws_lb.main": {
                    "type": "aws_lb",
                    "depends_on": [
                        "aws_s3_bucket.main",
                        "aws_security_group.lb",
                        "module.vpc"
                    ],
                    "primary": {
                        "id": "arn:aws:elasticloadbalancing:us-east-1:860030201430:loadbalancer/app/bumblebee-prod/33b846bba6c498c9",
                        "attributes": {
                            "access_logs.#": "1",
                            "access_logs.0.bucket": "bumblebee-prod-us-east-1-860030201430",
                            "access_logs.0.enabled": "true",
                            "access_logs.0.prefix": "",
                            "arn": "arn:aws:elasticloadbalancing:us-east-1:860030201430:loadbalancer/app/bumblebee-prod/33b846bba6c498c9",
                            "arn_suffix": "app/bumblebee-prod/33b846bba6c498c9",
                            "dns_name": "bumblebee-prod-140641226.us-east-1.elb.amazonaws.com",
                            "enable_deletion_protection": "false",
                            "enable_http2": "true",
                            "id": "arn:aws:elasticloadbalancing:us-east-1:860030201430:loadbalancer/app/bumblebee-prod/33b846bba6c498c9",
                            "idle_timeout": "60",
                            "internal": "false",
                            "ip_address_type": "ipv4",
                            "load_balancer_type": "application",
                            "name": "bumblebee-prod",
                            "security_groups.#": "1",
                            "security_groups.3980686300": "sg-0381b2ab2689e188c",
                            "subnet_mapping.#": "0",
                            "subnets.#": "2",
                            "subnets.3856307602": "subnet-04d8ae703ea13ae6d",
                            "subnets.884215899": "subnet-0cd56823e5505f2b7",
                            "tags.%": "1",
                            "tags.Project": "bumblebee-prod",
                            "vpc_id": "vpc-038f6e2bb94576121",
                            "zone_id": "Z35SXDOTRQ7X7K"
                        },
                        "meta": {
                            "e2bfb730-ecaa-11e6-8f88-34363bc7c4c0": {
                                "create": 600000000000,
                                "delete": 600000000000,
                                "update": 600000000000
                            }
                        },
                        "tainted": false
                    },
                    "deposed": [],
                    "provider": "provider.aws"
                },
                "aws_lb_listener.http": {
                    "type": "aws_lb_listener",
                    "depends_on": [
                        "aws_lb.main",
                        "aws_lb_target_group.main"
                    ],
                    "primary": {
                        "id": "arn:aws:elasticloadbalancing:us-east-1:860030201430:listener/app/bumblebee-prod/33b846bba6c498c9/babf86722e552b52",
                        "attributes": {
                            "arn": "arn:aws:elasticloadbalancing:us-east-1:860030201430:listener/app/bumblebee-prod/33b846bba6c498c9/babf86722e552b52",
                            "default_action.#": "1",
                            "default_action.0.authenticate_cognito.#": "0",
                            "default_action.0.authenticate_oidc.#": "0",
                            "default_action.0.fixed_response.#": "0",
                            "default_action.0.order": "1",
                            "default_action.0.redirect.#": "0",
                            "default_action.0.target_group_arn": "arn:aws:elasticloadbalancing:us-east-1:860030201430:targetgroup/bumblebee-prod/4d04eeca61ec0e2b",
                            "default_action.0.type": "forward",
                            "id": "arn:aws:elasticloadbalancing:us-east-1:860030201430:listener/app/bumblebee-prod/33b846bba6c498c9/babf86722e552b52",
                            "load_balancer_arn": "arn:aws:elasticloadbalancing:us-east-1:860030201430:loadbalancer/app/bumblebee-prod/33b846bba6c498c9",
                            "port": "80",
                            "protocol": "HTTP",
                            "ssl_policy": ""
                        },
                        "meta": {
                            "e2bfb730-ecaa-11e6-8f88-34363bc7c4c0": {
                                "read": 600000000000
                            }
                        },
                        "tainted": false
                    },
                    "deposed": [],
                    "provider": "provider.aws"
                },
                "aws_lb_listener.https": {
                    "type": "aws_lb_listener",
                    "depends_on": [
                        "aws_lb.main",
                        "aws_lb_target_group.main"
                    ],
                    "primary": {
                        "id": "arn:aws:elasticloadbalancing:us-east-1:860030201430:listener/app/bumblebee-prod/33b846bba6c498c9/bb8e1fbfe986f482",
                        "attributes": {
                            "arn": "arn:aws:elasticloadbalancing:us-east-1:860030201430:listener/app/bumblebee-prod/33b846bba6c498c9/bb8e1fbfe986f482",
                            "certificate_arn": "arn:aws:acm:us-east-1:860030201430:certificate/648a80aa-99e3-41b2-9a09-3c3ede1033a5",
                            "default_action.#": "1",
                            "default_action.0.authenticate_cognito.#": "0",
                            "default_action.0.authenticate_oidc.#": "0",
                            "default_action.0.fixed_response.#": "0",
                            "default_action.0.order": "1",
                            "default_action.0.redirect.#": "0",
                            "default_action.0.target_group_arn": "arn:aws:elasticloadbalancing:us-east-1:860030201430:targetgroup/bumblebee-prod/4d04eeca61ec0e2b",
                            "default_action.0.type": "forward",
                            "id": "arn:aws:elasticloadbalancing:us-east-1:860030201430:listener/app/bumblebee-prod/33b846bba6c498c9/bb8e1fbfe986f482",
                            "load_balancer_arn": "arn:aws:elasticloadbalancing:us-east-1:860030201430:loadbalancer/app/bumblebee-prod/33b846bba6c498c9",
                            "port": "443",
                            "protocol": "HTTPS",
                            "ssl_policy": "ELBSecurityPolicy-2016-08"
                        },
                        "meta": {
                            "e2bfb730-ecaa-11e6-8f88-34363bc7c4c0": {
                                "read": 600000000000
                            }
                        },
                        "tainted": false
                    },
                    "deposed": [],
                    "provider": "provider.aws"
                },
                "aws_lb_listener_rule.http": {
                    "type": "aws_lb_listener_rule",
                    "depends_on": [
                        "aws_lb_listener.http",
                        "aws_lb_target_group.main"
                    ],
                    "primary": {
                        "id": "arn:aws:elasticloadbalancing:us-east-1:860030201430:listener-rule/app/bumblebee-prod/33b846bba6c498c9/babf86722e552b52/9d58cda9d99e67a5",
                        "attributes": {
                            "action.#": "1",
                            "action.0.authenticate_cognito.#": "0",
                            "action.0.authenticate_oidc.#": "0",
                            "action.0.fixed_response.#": "0",
                            "action.0.order": "1",
                            "action.0.redirect.#": "0",
                            "action.0.target_group_arn": "arn:aws:elasticloadbalancing:us-east-1:860030201430:targetgroup/bumblebee-prod/4d04eeca61ec0e2b",
                            "action.0.type": "forward",
                            "arn": "arn:aws:elasticloadbalancing:us-east-1:860030201430:listener-rule/app/bumblebee-prod/33b846bba6c498c9/babf86722e552b52/9d58cda9d99e67a5",
                            "condition.#": "1",
                            "condition.549097039.field": "host-header",
                            "condition.549097039.values.#": "1",
                            "condition.549097039.values.0": "bumblebee.absoluteyl.me",
                            "id": "arn:aws:elasticloadbalancing:us-east-1:860030201430:listener-rule/app/bumblebee-prod/33b846bba6c498c9/babf86722e552b52/9d58cda9d99e67a5",
                            "listener_arn": "arn:aws:elasticloadbalancing:us-east-1:860030201430:listener/app/bumblebee-prod/33b846bba6c498c9/babf86722e552b52",
                            "priority": "80"
                        },
                        "meta": {},
                        "tainted": false
                    },
                    "deposed": [],
                    "provider": "provider.aws"
                },
                "aws_lb_listener_rule.https": {
                    "type": "aws_lb_listener_rule",
                    "depends_on": [
                        "aws_lb_listener.https",
                        "aws_lb_target_group.main"
                    ],
                    "primary": {
                        "id": "arn:aws:elasticloadbalancing:us-east-1:860030201430:listener-rule/app/bumblebee-prod/33b846bba6c498c9/bb8e1fbfe986f482/345510fded1bfcbe",
                        "attributes": {
                            "action.#": "1",
                            "action.0.authenticate_cognito.#": "0",
                            "action.0.authenticate_oidc.#": "0",
                            "action.0.fixed_response.#": "0",
                            "action.0.order": "1",
                            "action.0.redirect.#": "0",
                            "action.0.target_group_arn": "arn:aws:elasticloadbalancing:us-east-1:860030201430:targetgroup/bumblebee-prod/4d04eeca61ec0e2b",
                            "action.0.type": "forward",
                            "arn": "arn:aws:elasticloadbalancing:us-east-1:860030201430:listener-rule/app/bumblebee-prod/33b846bba6c498c9/bb8e1fbfe986f482/345510fded1bfcbe",
                            "condition.#": "1",
                            "condition.549097039.field": "host-header",
                            "condition.549097039.values.#": "1",
                            "condition.549097039.values.0": "bumblebee.absoluteyl.me",
                            "id": "arn:aws:elasticloadbalancing:us-east-1:860030201430:listener-rule/app/bumblebee-prod/33b846bba6c498c9/bb8e1fbfe986f482/345510fded1bfcbe",
                            "listener_arn": "arn:aws:elasticloadbalancing:us-east-1:860030201430:listener/app/bumblebee-prod/33b846bba6c498c9/bb8e1fbfe986f482",
                            "priority": "80"
                        },
                        "meta": {},
                        "tainted": false
                    },
                    "deposed": [],
                    "provider": "provider.aws"
                },
                "aws_lb_target_group.main": {
                    "type": "aws_lb_target_group",
                    "depends_on": [
                        "module.vpc"
                    ],
                    "primary": {
                        "id": "arn:aws:elasticloadbalancing:us-east-1:860030201430:targetgroup/bumblebee-prod/4d04eeca61ec0e2b",
                        "attributes": {
                            "arn": "arn:aws:elasticloadbalancing:us-east-1:860030201430:targetgroup/bumblebee-prod/4d04eeca61ec0e2b",
                            "arn_suffix": "targetgroup/bumblebee-prod/4d04eeca61ec0e2b",
                            "deregistration_delay": "30",
                            "health_check.#": "1",
                            "health_check.0.healthy_threshold": "3",
                            "health_check.0.interval": "30",
                            "health_check.0.matcher": "200-399",
                            "health_check.0.path": "/robots.txt",
                            "health_check.0.port": "traffic-port",
                            "health_check.0.protocol": "HTTP",
                            "health_check.0.timeout": "10",
                            "health_check.0.unhealthy_threshold": "2",
                            "id": "arn:aws:elasticloadbalancing:us-east-1:860030201430:targetgroup/bumblebee-prod/4d04eeca61ec0e2b",
                            "name": "bumblebee-prod",
                            "port": "80",
                            "protocol": "HTTP",
                            "proxy_protocol_v2": "false",
                            "slow_start": "0",
                            "stickiness.#": "1",
                            "stickiness.0.cookie_duration": "86400",
                            "stickiness.0.enabled": "false",
                            "stickiness.0.type": "lb_cookie",
                            "tags.%": "1",
                            "tags.Project": "bumblebee-prod",
                            "target_type": "ip",
                            "vpc_id": "vpc-038f6e2bb94576121"
                        },
                        "meta": {},
                        "tainted": false
                    },
                    "deposed": [],
                    "provider": "provider.aws"
                },
                "aws_route.default_nat_gateway": {
                    "type": "aws_route",
                    "depends_on": [
                        "module.vpc"
                    ],
                    "primary": {
                        "id": "r-rtb-0f520b4cce26982891080289494",
                        "attributes": {
                            "destination_cidr_block": "0.0.0.0/0",
                            "destination_prefix_list_id": "",
                            "egress_only_gateway_id": "",
                            "gateway_id": "",
                            "id": "r-rtb-0f520b4cce26982891080289494",
                            "instance_id": "",
                            "instance_owner_id": "",
                            "nat_gateway_id": "nat-056b36015a0e516e1",
                            "network_interface_id": "",
                            "origin": "CreateRoute",
                            "route_table_id": "rtb-0f520b4cce2698289",
                            "state": "active",
                            "transit_gateway_id": "",
                            "vpc_peering_connection_id": ""
                        },
                        "meta": {
                            "e2bfb730-ecaa-11e6-8f88-34363bc7c4c0": {
                                "create": 120000000000,
                                "delete": 300000000000
                            }
                        },
                        "tainted": false
                    },
                    "deposed": [],
                    "provider": "provider.aws"
                },
                "aws_route53_health_check.main": {
                    "type": "aws_route53_health_check",
                    "depends_on": [],
                    "primary": {
                        "id": "ce6041a3-a829-4b03-9db3-82902ad9f824",
                        "attributes": {
                            "child_health_threshold": "0",
                            "child_healthchecks.#": "0",
                            "enable_sni": "true",
                            "failure_threshold": "3",
                            "fqdn": "bumblebee.absoluteyl.me",
                            "id": "ce6041a3-a829-4b03-9db3-82902ad9f824",
                            "insufficient_data_health_status": "",
                            "invert_healthcheck": "false",
                            "ip_address": "",
                            "measure_latency": "false",
                            "port": "443",
                            "regions.#": "0",
                            "request_interval": "30",
                            "resource_path": "/health/latency",
                            "search_string": "ok",
                            "tags.%": "2",
                            "tags.Name": "bumblebee-prod",
                            "tags.Project": "bumblebee-prod",
                            "type": "HTTPS_STR_MATCH"
                        },
                        "meta": {},
                        "tainted": false
                    },
                    "deposed": [],
                    "provider": "provider.aws"
                },
                "aws_s3_bucket.main": {
                    "type": "aws_s3_bucket",
                    "depends_on": [
                        "data.aws_caller_identity.current"
                    ],
                    "primary": {
                        "id": "bumblebee-prod-us-east-1-860030201430",
                        "attributes": {
                            "acceleration_status": "",
                            "acl": "private",
                            "arn": "arn:aws:s3:::bumblebee-prod-us-east-1-860030201430",
                            "bucket": "bumblebee-prod-us-east-1-860030201430",
                            "bucket_domain_name": "bumblebee-prod-us-east-1-860030201430.s3.amazonaws.com",
                            "bucket_regional_domain_name": "bumblebee-prod-us-east-1-860030201430.s3.amazonaws.com",
                            "cors_rule.#": "0",
                            "force_destroy": "true",
                            "hosted_zone_id": "Z3AQBSTGFYJSTF",
                            "id": "bumblebee-prod-us-east-1-860030201430",
                            "lifecycle_rule.#": "0",
                            "logging.#": "0",
                            "object_lock_configuration.#": "0",
                            "region": "us-east-1",
                            "replication_configuration.#": "0",
                            "request_payer": "BucketOwner",
                            "server_side_encryption_configuration.#": "0",
                            "tags.%": "1",
                            "tags.Project": "bumblebee-prod",
                            "versioning.#": "1",
                            "versioning.0.enabled": "false",
                            "versioning.0.mfa_delete": "false",
                            "website.#": "0"
                        },
                        "meta": {},
                        "tainted": false
                    },
                    "deposed": [],
                    "provider": "provider.aws"
                },
                "aws_s3_bucket_policy.main": {
                    "type": "aws_s3_bucket_policy",
                    "depends_on": [
                        "aws_s3_bucket.main"
                    ],
                    "primary": {
                        "id": "bumblebee-prod-us-east-1-860030201430",
                        "attributes": {
                            "bucket": "bumblebee-prod-us-east-1-860030201430",
                            "id": "bumblebee-prod-us-east-1-860030201430",
                            "policy": "{\"Version\":\"2008-10-17\",\"Statement\":[{\"Effect\":\"Allow\",\"Principal\":{\"AWS\":\"arn:aws:iam::127311923021:root\"},\"Action\":[\"s3:DeleteObject\",\"s3:GetObject\",\"s3:PutObject\"],\"Resource\":\"arn:aws:s3:::bumblebee-prod-us-east-1-860030201430/AWSLogs*\"}]}"
                        },
                        "meta": {},
                        "tainted": false
                    },
                    "deposed": [],
                    "provider": "provider.aws"
                },
                "aws_security_group.all-traffic": {
                    "type": "aws_security_group",
                    "depends_on": [
                        "module.vpc"
                    ],
                    "primary": {
                        "id": "sg-0bb2178796d2c64d2",
                        "attributes": {
                            "arn": "arn:aws:ec2:us-east-1:860030201430:security-group/sg-0bb2178796d2c64d2",
                            "description": "Managed by Terraform",
                            "egress.#": "2",
                            "egress.482069346.cidr_blocks.#": "1",
                            "egress.482069346.cidr_blocks.0": "0.0.0.0/0",
                            "egress.482069346.description": "",
                            "egress.482069346.from_port": "0",
                            "egress.482069346.ipv6_cidr_blocks.#": "0",
                            "egress.482069346.prefix_list_ids.#": "0",
                            "egress.482069346.protocol": "-1",
                            "egress.482069346.security_groups.#": "0",
                            "egress.482069346.self": "false",
                            "egress.482069346.to_port": "0",
                            "egress.706749478.cidr_blocks.#": "0",
                            "egress.706749478.description": "",
                            "egress.706749478.from_port": "0",
                            "egress.706749478.ipv6_cidr_blocks.#": "1",
                            "egress.706749478.ipv6_cidr_blocks.0": "::/0",
                            "egress.706749478.prefix_list_ids.#": "0",
                            "egress.706749478.protocol": "-1",
                            "egress.706749478.security_groups.#": "0",
                            "egress.706749478.self": "false",
                            "egress.706749478.to_port": "0",
                            "id": "sg-0bb2178796d2c64d2",
                            "ingress.#": "2",
                            "ingress.482069346.cidr_blocks.#": "1",
                            "ingress.482069346.cidr_blocks.0": "0.0.0.0/0",
                            "ingress.482069346.description": "",
                            "ingress.482069346.from_port": "0",
                            "ingress.482069346.ipv6_cidr_blocks.#": "0",
                            "ingress.482069346.prefix_list_ids.#": "0",
                            "ingress.482069346.protocol": "-1",
                            "ingress.482069346.security_groups.#": "0",
                            "ingress.482069346.self": "false",
                            "ingress.482069346.to_port": "0",
                            "ingress.706749478.cidr_blocks.#": "0",
                            "ingress.706749478.description": "",
                            "ingress.706749478.from_port": "0",
                            "ingress.706749478.ipv6_cidr_blocks.#": "1",
                            "ingress.706749478.ipv6_cidr_blocks.0": "::/0",
                            "ingress.706749478.prefix_list_ids.#": "0",
                            "ingress.706749478.protocol": "-1",
                            "ingress.706749478.security_groups.#": "0",
                            "ingress.706749478.self": "false",
                            "ingress.706749478.to_port": "0",
                            "name": "bumblebee-prod-all-traffic-20190203070303080700000004",
                            "name_prefix": "bumblebee-prod-all-traffic-",
                            "owner_id": "860030201430",
                            "revoke_rules_on_delete": "false",
                            "tags.%": "2",
                            "tags.Name": "bumblebee-prod-all-traffic",
                            "tags.Project": "bumblebee-prod",
                            "vpc_id": "vpc-038f6e2bb94576121"
                        },
                        "meta": {
                            "e2bfb730-ecaa-11e6-8f88-34363bc7c4c0": {
                                "create": 600000000000,
                                "delete": 600000000000
                            },
                            "schema_version": "1"
                        },
                        "tainted": false
                    },
                    "deposed": [],
                    "provider": "provider.aws"
                },
                "aws_security_group.ecs-ec2": {
                    "type": "aws_security_group",
                    "depends_on": [
                        "module.vpc"
                    ],
                    "primary": {
                        "id": "sg-0e330f088439ca848",
                        "attributes": {
                            "arn": "arn:aws:ec2:us-east-1:860030201430:security-group/sg-0e330f088439ca848",
                            "description": "Managed by Terraform",
                            "egress.#": "2",
                            "egress.482069346.cidr_blocks.#": "1",
                            "egress.482069346.cidr_blocks.0": "0.0.0.0/0",
                            "egress.482069346.description": "",
                            "egress.482069346.from_port": "0",
                            "egress.482069346.ipv6_cidr_blocks.#": "0",
                            "egress.482069346.prefix_list_ids.#": "0",
                            "egress.482069346.protocol": "-1",
                            "egress.482069346.security_groups.#": "0",
                            "egress.482069346.self": "false",
                            "egress.482069346.to_port": "0",
                            "egress.706749478.cidr_blocks.#": "0",
                            "egress.706749478.description": "",
                            "egress.706749478.from_port": "0",
                            "egress.706749478.ipv6_cidr_blocks.#": "1",
                            "egress.706749478.ipv6_cidr_blocks.0": "::/0",
                            "egress.706749478.prefix_list_ids.#": "0",
                            "egress.706749478.protocol": "-1",
                            "egress.706749478.security_groups.#": "0",
                            "egress.706749478.self": "false",
                            "egress.706749478.to_port": "0",
                            "id": "sg-0e330f088439ca848",
                            "ingress.#": "1",
                            "ingress.1608664941.cidr_blocks.#": "1",
                            "ingress.1608664941.cidr_blocks.0": "10.1.20.167/32",
                            "ingress.1608664941.description": "",
                            "ingress.1608664941.from_port": "22",
                            "ingress.1608664941.ipv6_cidr_blocks.#": "0",
                            "ingress.1608664941.prefix_list_ids.#": "0",
                            "ingress.1608664941.protocol": "tcp",
                            "ingress.1608664941.security_groups.#": "0",
                            "ingress.1608664941.self": "false",
                            "ingress.1608664941.to_port": "22",
                            "name": "bumblebee-prod-ecs-ec2-20190203070303078900000001",
                            "name_prefix": "bumblebee-prod-ecs-ec2-",
                            "owner_id": "860030201430",
                            "revoke_rules_on_delete": "false",
                            "tags.%": "2",
                            "tags.Name": "bumblebee-prod-ecs-ec2",
                            "tags.Project": "bumblebee-prod",
                            "vpc_id": "vpc-038f6e2bb94576121"
                        },
                        "meta": {
                            "e2bfb730-ecaa-11e6-8f88-34363bc7c4c0": {
                                "create": 600000000000,
                                "delete": 600000000000
                            },
                            "schema_version": "1"
                        },
                        "tainted": false
                    },
                    "deposed": [],
                    "provider": "provider.aws"
                },
                "aws_security_group.ecs-service-server": {
                    "type": "aws_security_group",
                    "depends_on": [
                        "module.vpc"
                    ],
                    "primary": {
                        "id": "sg-02ca3184a3665244a",
                        "attributes": {
                            "arn": "arn:aws:ec2:us-east-1:860030201430:security-group/sg-02ca3184a3665244a",
                            "description": "Managed by Terraform",
                            "egress.#": "2",
                            "egress.482069346.cidr_blocks.#": "1",
                            "egress.482069346.cidr_blocks.0": "0.0.0.0/0",
                            "egress.482069346.description": "",
                            "egress.482069346.from_port": "0",
                            "egress.482069346.ipv6_cidr_blocks.#": "0",
                            "egress.482069346.prefix_list_ids.#": "0",
                            "egress.482069346.protocol": "-1",
                            "egress.482069346.security_groups.#": "0",
                            "egress.482069346.self": "false",
                            "egress.482069346.to_port": "0",
                            "egress.706749478.cidr_blocks.#": "0",
                            "egress.706749478.description": "",
                            "egress.706749478.from_port": "0",
                            "egress.706749478.ipv6_cidr_blocks.#": "1",
                            "egress.706749478.ipv6_cidr_blocks.0": "::/0",
                            "egress.706749478.prefix_list_ids.#": "0",
                            "egress.706749478.protocol": "-1",
                            "egress.706749478.security_groups.#": "0",
                            "egress.706749478.self": "false",
                            "egress.706749478.to_port": "0",
                            "id": "sg-02ca3184a3665244a",
                            "ingress.#": "2",
                            "ingress.2214680975.cidr_blocks.#": "1",
                            "ingress.2214680975.cidr_blocks.0": "0.0.0.0/0",
                            "ingress.2214680975.description": "",
                            "ingress.2214680975.from_port": "80",
                            "ingress.2214680975.ipv6_cidr_blocks.#": "0",
                            "ingress.2214680975.prefix_list_ids.#": "0",
                            "ingress.2214680975.protocol": "tcp",
                            "ingress.2214680975.security_groups.#": "0",
                            "ingress.2214680975.self": "false",
                            "ingress.2214680975.to_port": "80",
                            "ingress.4051041281.cidr_blocks.#": "0",
                            "ingress.4051041281.description": "",
                            "ingress.4051041281.from_port": "80",
                            "ingress.4051041281.ipv6_cidr_blocks.#": "1",
                            "ingress.4051041281.ipv6_cidr_blocks.0": "::/0",
                            "ingress.4051041281.prefix_list_ids.#": "0",
                            "ingress.4051041281.protocol": "tcp",
                            "ingress.4051041281.security_groups.#": "0",
                            "ingress.4051041281.self": "false",
                            "ingress.4051041281.to_port": "80",
                            "name": "bumblebee-prod-ecs-service-server-20190203070303079800000003",
                            "name_prefix": "bumblebee-prod-ecs-service-server-",
                            "owner_id": "860030201430",
                            "revoke_rules_on_delete": "false",
                            "tags.%": "2",
                            "tags.Name": "bumblebee-prod-ecs-service-server",
                            "tags.Project": "bumblebee-prod",
                            "vpc_id": "vpc-038f6e2bb94576121"
                        },
                        "meta": {
                            "e2bfb730-ecaa-11e6-8f88-34363bc7c4c0": {
                                "create": 600000000000,
                                "delete": 600000000000
                            },
                            "schema_version": "1"
                        },
                        "tainted": false
                    },
                    "deposed": [],
                    "provider": "provider.aws"
                },
                "aws_security_group.lb": {
                    "type": "aws_security_group",
                    "depends_on": [
                        "module.vpc"
                    ],
                    "primary": {
                        "id": "sg-0381b2ab2689e188c",
                        "attributes": {
                            "arn": "arn:aws:ec2:us-east-1:860030201430:security-group/sg-0381b2ab2689e188c",
                            "description": "Managed by Terraform",
                            "egress.#": "2",
                            "egress.482069346.cidr_blocks.#": "1",
                            "egress.482069346.cidr_blocks.0": "0.0.0.0/0",
                            "egress.482069346.description": "",
                            "egress.482069346.from_port": "0",
                            "egress.482069346.ipv6_cidr_blocks.#": "0",
                            "egress.482069346.prefix_list_ids.#": "0",
                            "egress.482069346.protocol": "-1",
                            "egress.482069346.security_groups.#": "0",
                            "egress.482069346.self": "false",
                            "egress.482069346.to_port": "0",
                            "egress.706749478.cidr_blocks.#": "0",
                            "egress.706749478.description": "",
                            "egress.706749478.from_port": "0",
                            "egress.706749478.ipv6_cidr_blocks.#": "1",
                            "egress.706749478.ipv6_cidr_blocks.0": "::/0",
                            "egress.706749478.prefix_list_ids.#": "0",
                            "egress.706749478.protocol": "-1",
                            "egress.706749478.security_groups.#": "0",
                            "egress.706749478.self": "false",
                            "egress.706749478.to_port": "0",
                            "id": "sg-0381b2ab2689e188c",
                            "ingress.#": "2",
                            "ingress.2214680975.cidr_blocks.#": "1",
                            "ingress.2214680975.cidr_blocks.0": "0.0.0.0/0",
                            "ingress.2214680975.description": "",
                            "ingress.2214680975.from_port": "80",
                            "ingress.2214680975.ipv6_cidr_blocks.#": "0",
                            "ingress.2214680975.prefix_list_ids.#": "0",
                            "ingress.2214680975.protocol": "tcp",
                            "ingress.2214680975.security_groups.#": "0",
                            "ingress.2214680975.self": "false",
                            "ingress.2214680975.to_port": "80",
                            "ingress.2617001939.cidr_blocks.#": "1",
                            "ingress.2617001939.cidr_blocks.0": "0.0.0.0/0",
                            "ingress.2617001939.description": "",
                            "ingress.2617001939.from_port": "443",
                            "ingress.2617001939.ipv6_cidr_blocks.#": "0",
                            "ingress.2617001939.prefix_list_ids.#": "0",
                            "ingress.2617001939.protocol": "tcp",
                            "ingress.2617001939.security_groups.#": "0",
                            "ingress.2617001939.self": "false",
                            "ingress.2617001939.to_port": "443",
                            "name": "bumblebee-prod-lb-20190203070303079700000002",
                            "name_prefix": "bumblebee-prod-lb-",
                            "owner_id": "860030201430",
                            "revoke_rules_on_delete": "false",
                            "tags.%": "2",
                            "tags.Name": "bumblebee-prod-lb",
                            "tags.Project": "bumblebee-prod",
                            "vpc_id": "vpc-038f6e2bb94576121"
                        },
                        "meta": {
                            "e2bfb730-ecaa-11e6-8f88-34363bc7c4c0": {
                                "create": 600000000000,
                                "delete": 600000000000
                            },
                            "schema_version": "1"
                        },
                        "tainted": false
                    },
                    "deposed": [],
                    "provider": "provider.aws"
                },
                "aws_security_group.rds": {
                    "type": "aws_security_group",
                    "depends_on": [
                        "aws_security_group.ecs-ec2",
                        "aws_security_group.ecs-service-server",
                        "module.vpc"
                    ],
                    "primary": {
                        "id": "sg-00b5ce1a4e4fd513d",
                        "attributes": {
                            "arn": "arn:aws:ec2:us-east-1:860030201430:security-group/sg-00b5ce1a4e4fd513d",
                            "description": "Managed by Terraform",
                            "egress.#": "1",
                            "egress.482069346.cidr_blocks.#": "1",
                            "egress.482069346.cidr_blocks.0": "0.0.0.0/0",
                            "egress.482069346.description": "",
                            "egress.482069346.from_port": "0",
                            "egress.482069346.ipv6_cidr_blocks.#": "0",
                            "egress.482069346.prefix_list_ids.#": "0",
                            "egress.482069346.protocol": "-1",
                            "egress.482069346.security_groups.#": "0",
                            "egress.482069346.self": "false",
                            "egress.482069346.to_port": "0",
                            "id": "sg-00b5ce1a4e4fd513d",
                            "ingress.#": "2",
                            "ingress.3336351428.cidr_blocks.#": "0",
                            "ingress.3336351428.description": "",
                            "ingress.3336351428.from_port": "3306",
                            "ingress.3336351428.ipv6_cidr_blocks.#": "0",
                            "ingress.3336351428.prefix_list_ids.#": "0",
                            "ingress.3336351428.protocol": "tcp",
                            "ingress.3336351428.security_groups.#": "2",
                            "ingress.3336351428.security_groups.3388384072": "sg-0e330f088439ca848",
                            "ingress.3336351428.security_groups.3814739848": "sg-02ca3184a3665244a",
                            "ingress.3336351428.self": "false",
                            "ingress.3336351428.to_port": "3306",
                            "ingress.4006841060.cidr_blocks.#": "1",
                            "ingress.4006841060.cidr_blocks.0": "10.1.20.167/32",
                            "ingress.4006841060.description": "",
                            "ingress.4006841060.from_port": "3306",
                            "ingress.4006841060.ipv6_cidr_blocks.#": "0",
                            "ingress.4006841060.prefix_list_ids.#": "0",
                            "ingress.4006841060.protocol": "tcp",
                            "ingress.4006841060.security_groups.#": "0",
                            "ingress.4006841060.self": "false",
                            "ingress.4006841060.to_port": "3306",
                            "name": "bumblebee-prod-rds-20190203070315912000000005",
                            "name_prefix": "bumblebee-prod-rds-",
                            "owner_id": "860030201430",
                            "revoke_rules_on_delete": "false",
                            "tags.%": "2",
                            "tags.Name": "bumblebee-prod-rds",
                            "tags.Project": "bumblebee-prod",
                            "vpc_id": "vpc-038f6e2bb94576121"
                        },
                        "meta": {
                            "e2bfb730-ecaa-11e6-8f88-34363bc7c4c0": {
                                "create": 600000000000,
                                "delete": 600000000000
                            },
                            "schema_version": "1"
                        },
                        "tainted": false
                    },
                    "deposed": [],
                    "provider": "provider.aws"
                },
                "aws_sns_topic.email-notification": {
                    "type": "aws_sns_topic",
                    "depends_on": [],
                    "primary": {
                        "id": "arn:aws:sns:us-east-1:860030201430:bumblebee-prod-email-notification",
                        "attributes": {
                            "application_failure_feedback_role_arn": "",
                            "application_success_feedback_role_arn": "",
                            "application_success_feedback_sample_rate": "0",
                            "arn": "arn:aws:sns:us-east-1:860030201430:bumblebee-prod-email-notification",
                            "delivery_policy": "",
                            "display_name": "",
                            "http_failure_feedback_role_arn": "",
                            "http_success_feedback_role_arn": "",
                            "http_success_feedback_sample_rate": "0",
                            "id": "arn:aws:sns:us-east-1:860030201430:bumblebee-prod-email-notification",
                            "kms_master_key_id": "",
                            "lambda_failure_feedback_role_arn": "",
                            "lambda_success_feedback_role_arn": "",
                            "lambda_success_feedback_sample_rate": "0",
                            "name": "bumblebee-prod-email-notification",
                            "policy": "{\"Version\":\"2008-10-17\",\"Id\":\"__default_policy_ID\",\"Statement\":[{\"Sid\":\"__default_statement_ID\",\"Effect\":\"Allow\",\"Principal\":{\"AWS\":\"*\"},\"Action\":[\"SNS:GetTopicAttributes\",\"SNS:SetTopicAttributes\",\"SNS:AddPermission\",\"SNS:RemovePermission\",\"SNS:DeleteTopic\",\"SNS:Subscribe\",\"SNS:ListSubscriptionsByTopic\",\"SNS:Publish\",\"SNS:Receive\"],\"Resource\":\"arn:aws:sns:us-east-1:860030201430:bumblebee-prod-email-notification\",\"Condition\":{\"StringEquals\":{\"AWS:SourceOwner\":\"860030201430\"}}}]}",
                            "sqs_failure_feedback_role_arn": "",
                            "sqs_success_feedback_role_arn": "",
                            "sqs_success_feedback_sample_rate": "0"
                        },
                        "meta": {},
                        "tainted": false
                    },
                    "deposed": [],
                    "provider": "provider.aws"
                },
                "data.aws_ami.ecs_ami": {
                    "type": "aws_ami",
                    "depends_on": [],
                    "primary": {
                        "id": "ami-0bf2fb355727b7faf",
                        "attributes": {
                            "architecture": "x86_64",
                            "block_device_mappings.#": "2",
                            "block_device_mappings.2538004115.device_name": "/dev/xvdcz",
                            "block_device_mappings.2538004115.ebs.%": "6",
                            "block_device_mappings.2538004115.ebs.delete_on_termination": "true",
                            "block_device_mappings.2538004115.ebs.encrypted": "false",
                            "block_device_mappings.2538004115.ebs.iops": "0",
                            "block_device_mappings.2538004115.ebs.snapshot_id": "",
                            "block_device_mappings.2538004115.ebs.volume_size": "22",
                            "block_device_mappings.2538004115.ebs.volume_type": "gp2",
                            "block_device_mappings.2538004115.no_device": "",
                            "block_device_mappings.2538004115.virtual_name": "",
                            "block_device_mappings.340275815.device_name": "/dev/xvda",
                            "block_device_mappings.340275815.ebs.%": "6",
                            "block_device_mappings.340275815.ebs.delete_on_termination": "true",
                            "block_device_mappings.340275815.ebs.encrypted": "false",
                            "block_device_mappings.340275815.ebs.iops": "0",
                            "block_device_mappings.340275815.ebs.snapshot_id": "snap-0d4f736d01df044ea",
                            "block_device_mappings.340275815.ebs.volume_size": "8",
                            "block_device_mappings.340275815.ebs.volume_type": "gp2",
                            "block_device_mappings.340275815.no_device": "",
                            "block_device_mappings.340275815.virtual_name": "",
                            "creation_date": "2019-01-26T21:36:40.000Z",
                            "description": "Amazon Linux AMI 2018.03.l x86_64 ECS HVM GP2",
                            "filter.#": "4",
                            "filter.3350713981.name": "name",
                            "filter.3350713981.values.#": "1",
                            "filter.3350713981.values.0": "amzn-ami-*-amazon-ecs-optimized",
                            "filter.3386043752.name": "architecture",
                            "filter.3386043752.values.#": "1",
                            "filter.3386043752.values.0": "x86_64",
                            "filter.490168357.name": "virtualization-type",
                            "filter.490168357.values.#": "1",
                            "filter.490168357.values.0": "hvm",
                            "filter.574890044.name": "owner-alias",
                            "filter.574890044.values.#": "1",
                            "filter.574890044.values.0": "amazon",
                            "hypervisor": "xen",
                            "id": "ami-0bf2fb355727b7faf",
                            "image_id": "ami-0bf2fb355727b7faf",
                            "image_location": "amazon/amzn-ami-2018.03.l-amazon-ecs-optimized",
                            "image_owner_alias": "amazon",
                            "image_type": "machine",
                            "most_recent": "true",
                            "name": "amzn-ami-2018.03.l-amazon-ecs-optimized",
                            "owner_id": "591542846629",
                            "product_codes.#": "0",
                            "public": "true",
                            "root_device_name": "/dev/xvda",
                            "root_device_type": "ebs",
                            "root_snapshot_id": "snap-0d4f736d01df044ea",
                            "sriov_net_support": "simple",
                            "state": "available",
                            "state_reason.%": "2",
                            "state_reason.code": "UNSET",
                            "state_reason.message": "UNSET",
                            "tags.%": "0",
                            "virtualization_type": "hvm"
                        },
                        "meta": {},
                        "tainted": false
                    },
                    "deposed": [],
                    "provider": "provider.aws"
                },
                "data.aws_caller_identity.current": {
                    "type": "aws_caller_identity",
                    "depends_on": [],
                    "primary": {
                        "id": "2019-02-03 23:38:48.909989 +0000 UTC",
                        "attributes": {
                            "account_id": "860030201430",
                            "arn": "arn:aws:iam::860030201430:user/absoluteyl",
                            "id": "2019-02-03 23:38:48.909989 +0000 UTC",
                            "user_id": "AIDAJSIOLBEBU43WLSYJG"
                        },
                        "meta": {},
                        "tainted": false
                    },
                    "deposed": [],
                    "provider": "provider.aws"
                },
                "data.aws_iam_policy_document.ecs-ec2": {
                    "type": "aws_iam_policy_document",
                    "depends_on": [],
                    "primary": {
                        "id": "898656079",
                        "attributes": {
                            "id": "898656079",
                            "json": "{\n  \"Version\": \"2012-10-17\",\n  \"Statement\": [\n    {\n      \"Sid\": \"\",\n      \"Effect\": \"Allow\",\n      \"Action\": [\n        \"ssm:*\",\n        \"sns:Publish\",\n        \"s3:PutObjectAcl\",\n        \"s3:PutObject\",\n        \"s3:ListBucket\",\n        \"s3:GetObjectAcl\",\n        \"s3:GetObject\",\n        \"logs:PutLogEvents\",\n        \"logs:DescribeLogStreams\",\n        \"logs:CreateLogStream\",\n        \"logs:CreateLogGroup\",\n        \"ecs:*\",\n        \"ecr:*\",\n        \"cloudwatch:*\"\n      ],\n      \"Resource\": \"*\"\n    }\n  ]\n}",
                            "statement.#": "1",
                            "statement.0.actions.#": "14",
                            "statement.0.actions.1400860598": "s3:PutObjectAcl",
                            "statement.0.actions.1929118430": "sns:Publish",
                            "statement.0.actions.2071725391": "s3:GetObject",
                            "statement.0.actions.2410490405": "cloudwatch:*",
                            "statement.0.actions.2517836488": "s3:GetObjectAcl",
                            "statement.0.actions.2809485102": "logs:CreateLogGroup",
                            "statement.0.actions.29564810": "ecr:*",
                            "statement.0.actions.3112138991": "ecs:*",
                            "statement.0.actions.315547055": "s3:PutObject",
                            "statement.0.actions.3168153159": "ssm:*",
                            "statement.0.actions.3285979848": "logs:CreateLogStream",
                            "statement.0.actions.3697566380": "logs:DescribeLogStreams",
                            "statement.0.actions.39743051": "logs:PutLogEvents",
                            "statement.0.actions.486976917": "s3:ListBucket",
                            "statement.0.condition.#": "0",
                            "statement.0.effect": "Allow",
                            "statement.0.not_actions.#": "0",
                            "statement.0.not_principals.#": "0",
                            "statement.0.not_resources.#": "0",
                            "statement.0.principals.#": "0",
                            "statement.0.resources.#": "1",
                            "statement.0.resources.2679715827": "*",
                            "statement.0.sid": "",
                            "version": "2012-10-17"
                        },
                        "meta": {},
                        "tainted": false
                    },
                    "deposed": [],
                    "provider": "provider.aws"
                },
                "data.aws_iam_policy_document.ecs-task": {
                    "type": "aws_iam_policy_document",
                    "depends_on": [],
                    "primary": {
                        "id": "898656079",
                        "attributes": {
                            "id": "898656079",
                            "json": "{\n  \"Version\": \"2012-10-17\",\n  \"Statement\": [\n    {\n      \"Sid\": \"\",\n      \"Effect\": \"Allow\",\n      \"Action\": [\n        \"ssm:*\",\n        \"sns:Publish\",\n        \"s3:PutObjectAcl\",\n        \"s3:PutObject\",\n        \"s3:ListBucket\",\n        \"s3:GetObjectAcl\",\n        \"s3:GetObject\",\n        \"logs:PutLogEvents\",\n        \"logs:DescribeLogStreams\",\n        \"logs:CreateLogStream\",\n        \"logs:CreateLogGroup\",\n        \"ecs:*\",\n        \"ecr:*\",\n        \"cloudwatch:*\"\n      ],\n      \"Resource\": \"*\"\n    }\n  ]\n}",
                            "statement.#": "1",
                            "statement.0.actions.#": "14",
                            "statement.0.actions.1400860598": "s3:PutObjectAcl",
                            "statement.0.actions.1929118430": "sns:Publish",
                            "statement.0.actions.2071725391": "s3:GetObject",
                            "statement.0.actions.2410490405": "cloudwatch:*",
                            "statement.0.actions.2517836488": "s3:GetObjectAcl",
                            "statement.0.actions.2809485102": "logs:CreateLogGroup",
                            "statement.0.actions.29564810": "ecr:*",
                            "statement.0.actions.3112138991": "ecs:*",
                            "statement.0.actions.315547055": "s3:PutObject",
                            "statement.0.actions.3168153159": "ssm:*",
                            "statement.0.actions.3285979848": "logs:CreateLogStream",
                            "statement.0.actions.3697566380": "logs:DescribeLogStreams",
                            "statement.0.actions.39743051": "logs:PutLogEvents",
                            "statement.0.actions.486976917": "s3:ListBucket",
                            "statement.0.condition.#": "0",
                            "statement.0.effect": "Allow",
                            "statement.0.not_actions.#": "0",
                            "statement.0.not_principals.#": "0",
                            "statement.0.not_resources.#": "0",
                            "statement.0.principals.#": "0",
                            "statement.0.resources.#": "1",
                            "statement.0.resources.2679715827": "*",
                            "statement.0.sid": "",
                            "version": "2012-10-17"
                        },
                        "meta": {},
                        "tainted": false
                    },
                    "deposed": [],
                    "provider": "provider.aws"
                },
                "data.template_file.ecs-lc-asg-userdata": {
                    "type": "template_file",
                    "depends_on": [
                        "aws_ecs_cluster.main"
                    ],
                    "primary": {
                        "id": "2e72797a02d1f8861ff0544da7d137be53b06ca683ebf2b1617eef0467471c9e",
                        "attributes": {
                            "id": "2e72797a02d1f8861ff0544da7d137be53b06ca683ebf2b1617eef0467471c9e",
                            "rendered": "#!/bin/bash\n# ECS config\necho ECS_CLUSTER=bumblebee-prod \u003e\u003e /etc/ecs/ecs.config\necho ECS_AVAILABLE_LOGGING_DRIVERS=[\\\"json-file\\\",\\\"awslogs\\\"] \u003e\u003e /etc/ecs/ecs.config\n# Install JQ JSON parser\nyum install -y jq\n# Get the current region from the instance metadata\nregion=$(curl -s http://169.254.169.254/latest/dynamic/instance-identity/document | jq -r .region)\n# Install the SSM agent RPM\nyum install -y https://amazon-ssm-$region.s3.amazonaws.com/latest/linux_amd64/amazon-ssm-agent.rpm\nEOF\n",
                            "template": "#!/bin/bash\n# ECS config\necho ECS_CLUSTER=${cluster_name} \u003e\u003e /etc/ecs/ecs.config\necho ECS_AVAILABLE_LOGGING_DRIVERS=[\\\"json-file\\\",\\\"awslogs\\\"] \u003e\u003e /etc/ecs/ecs.config\n# Install JQ JSON parser\nyum install -y jq\n# Get the current region from the instance metadata\nregion=$(curl -s http://169.254.169.254/latest/dynamic/instance-identity/document | jq -r .region)\n# Install the SSM agent RPM\nyum install -y https://amazon-ssm-$region.s3.amazonaws.com/latest/linux_amd64/amazon-ssm-agent.rpm\nEOF\n",
                            "vars.%": "1",
                            "vars.cluster_name": "bumblebee-prod"
                        },
                        "meta": {},
                        "tainted": false
                    },
                    "deposed": [],
                    "provider": "provider.template"
                },
                "data.template_file.main": {
                    "type": "template_file",
                    "depends_on": [
                        "aws_ecs_cluster.main"
                    ],
                    "primary": {
                        "id": "1ebe94b7048d1bb1a1bb91a1ad6789d92ef5dc705cab30f1a4098fcb713721e0",
                        "attributes": {
                            "id": "1ebe94b7048d1bb1a1bb91a1ad6789d92ef5dc705cab30f1a4098fcb713721e0",
                            "rendered": "[\n  {\n    \"name\": \"rails-app\",\n    \"image\": \"860030201430.dkr.ecr.us-east-1.amazonaws.com/bumblebee:latest\",\n    \"memoryReservation\": 900,\n    \"cpu\": 1024,\n    \"essential\": true,\n    \"portMappings\": [\n      {\n        \"hostPort\": 80,\n        \"protocol\": \"tcp\",\n        \"containerPort\": 80\n      }\n    ],\n    \"environment\": [\n      {\n        \"name\": \"AWS_ECS_CLUSTER_NAME\",\n        \"value\": \"bumblebee-prod\"\n      },\n      {\n        \"name\": \"AWS_ECS_SERVICE_NAME\",\n        \"value\": \"bumblebee\"\n      },\n      {\n        \"name\": \"STACK_ENV\",\n        \"value\": \"prod\"\n      },\n      {\n        \"name\": \"SEKRETS_PS_REGION\",\n        \"value\": \"us-east-1\"\n      },\n      {\n        \"name\": \"SEKRETS_PS_NAME\",\n        \"value\": \"/bumblebee/sekrets_key\"\n      }\n    ],\n    \"mountPoints\": [],\n    \"volumesFrom\": [],\n    \"hostname\": null,\n    \"user\": null,\n    \"workingDirectory\": null,\n    \"extraHosts\": null,\n    \"logConfiguration\": {\n      \"logDriver\": \"awslogs\",\n      \"options\": {\n        \"awslogs-group\": \"/bumblebee-prod/bumblebee/container-log\",\n        \"awslogs-region\": \"us-east-1\",\n        \"awslogs-stream-prefix\": \"ecs\"\n      }\n    },\n    \"ulimits\": null,\n    \"dockerLabels\": null,\n    \"dnsSearchDomains\": null,\n    \"entryPoint\": null,\n    \"command\": null,\n    \"linuxParameters\": null,\n    \"dnsServers\": null,\n    \"dockerSecurityOptions\": null,\n    \"memory\": null,\n    \"disableNetworking\": null,\n    \"links\": null,\n    \"readonlyRootFilesystem\": null,\n    \"privileged\": null\n  }\n]\n",
                            "template": "[\n  {\n    \"name\": \"rails-app\",\n    \"image\": \"860030201430.dkr.ecr.us-east-1.amazonaws.com/bumblebee:${app_revision}\",\n    \"memoryReservation\": ${app_memory},\n    \"cpu\": ${app_cpu},\n    \"essential\": true,\n    \"portMappings\": [\n      {\n        \"hostPort\": 80,\n        \"protocol\": \"tcp\",\n        \"containerPort\": 80\n      }\n    ],\n    \"environment\": [\n      {\n        \"name\": \"AWS_ECS_CLUSTER_NAME\",\n        \"value\": \"${cluster_name}\"\n      },\n      {\n        \"name\": \"AWS_ECS_SERVICE_NAME\",\n        \"value\": \"${service_name}\"\n      },\n      {\n        \"name\": \"STACK_ENV\",\n        \"value\": \"${env}\"\n      },\n      {\n        \"name\": \"SEKRETS_PS_REGION\",\n        \"value\": \"${region}\"\n      },\n      {\n        \"name\": \"SEKRETS_PS_NAME\",\n        \"value\": \"${sekrets_ps_name}\"\n      }\n    ],\n    \"mountPoints\": [],\n    \"volumesFrom\": [],\n    \"hostname\": null,\n    \"user\": null,\n    \"workingDirectory\": null,\n    \"extraHosts\": null,\n    \"logConfiguration\": {\n      \"logDriver\": \"awslogs\",\n      \"options\": {\n        \"awslogs-group\": \"/${project}-${env}/${service_name}/container-log\",\n        \"awslogs-region\": \"${region}\",\n        \"awslogs-stream-prefix\": \"ecs\"\n      }\n    },\n    \"ulimits\": null,\n    \"dockerLabels\": null,\n    \"dnsSearchDomains\": null,\n    \"entryPoint\": null,\n    \"command\": null,\n    \"linuxParameters\": null,\n    \"dnsServers\": null,\n    \"dockerSecurityOptions\": null,\n    \"memory\": null,\n    \"disableNetworking\": null,\n    \"links\": null,\n    \"readonlyRootFilesystem\": null,\n    \"privileged\": null\n  }\n]\n",
                            "vars.%": "9",
                            "vars.app_cpu": "1024",
                            "vars.app_memory": "900",
                            "vars.app_revision": "latest",
                            "vars.cluster_name": "bumblebee-prod",
                            "vars.env": "prod",
                            "vars.project": "bumblebee",
                            "vars.region": "us-east-1",
                            "vars.sekrets_ps_name": "/bumblebee/sekrets_key",
                            "vars.service_name": "bumblebee"
                        },
                        "meta": {},
                        "tainted": false
                    },
                    "deposed": [],
                    "provider": "provider.template"
                }
            },
            "depends_on": []
        },
        {
            "path": [
                "root",
                "vpc"
            ],
            "outputs": {
                "azs": {
                    "sensitive": false,
                    "type": "list",
                    "value": [
                        "us-east-1a",
                        "us-east-1c"
                    ]
                },
                "database_route_table_ids": {
                    "sensitive": false,
                    "type": "list",
                    "value": [
                        "rtb-06f551dc5000c66a6"
                    ]
                },
                "database_subnet_group": {
                    "sensitive": false,
                    "type": "string",
                    "value": "bumblebee-prod"
                },
                "database_subnets": {
                    "sensitive": false,
                    "type": "list",
                    "value": [
                        "subnet-07ee9dc7730738bbe",
                        "subnet-0838406df9f18501d"
                    ]
                },
                "database_subnets_cidr_blocks": {
                    "sensitive": false,
                    "type": "list",
                    "value": [
                        "10.1.30.0/24",
                        "10.1.31.0/24"
                    ]
                },
                "default_network_acl_id": {
                    "sensitive": false,
                    "type": "string",
                    "value": "acl-0e97467c74a54ab4b"
                },
                "default_route_table_id": {
                    "sensitive": false,
                    "type": "string",
                    "value": "rtb-0f520b4cce2698289"
                },
                "default_security_group_id": {
                    "sensitive": false,
                    "type": "string",
                    "value": "sg-083233889b060f6ab"
                },
                "default_vpc_cidr_block": {
                    "sensitive": false,
                    "type": "string",
                    "value": ""
                },
                "default_vpc_default_network_acl_id": {
                    "sensitive": false,
                    "type": "string",
                    "value": ""
                },
                "default_vpc_default_route_table_id": {
                    "sensitive": false,
                    "type": "string",
                    "value": ""
                },
                "default_vpc_default_security_group_id": {
                    "sensitive": false,
                    "type": "string",
                    "value": ""
                },
                "default_vpc_enable_dns_hostnames": {
                    "sensitive": false,
                    "type": "string",
                    "value": ""
                },
                "default_vpc_enable_dns_support": {
                    "sensitive": false,
                    "type": "string",
                    "value": ""
                },
                "default_vpc_id": {
                    "sensitive": false,
                    "type": "string",
                    "value": ""
                },
                "default_vpc_instance_tenancy": {
                    "sensitive": false,
                    "type": "string",
                    "value": ""
                },
                "default_vpc_main_route_table_id": {
                    "sensitive": false,
                    "type": "string",
                    "value": ""
                },
                "elasticache_route_table_ids": {
                    "sensitive": false,
                    "type": "list",
                    "value": [
                        "rtb-06f551dc5000c66a6"
                    ]
                },
                "elasticache_subnet_group": {
                    "sensitive": false,
                    "type": "string",
                    "value": ""
                },
                "elasticache_subnet_group_name": {
                    "sensitive": false,
                    "type": "string",
                    "value": ""
                },
                "elasticache_subnets": {
                    "sensitive": false,
                    "type": "list",
                    "value": []
                },
                "elasticache_subnets_cidr_blocks": {
                    "sensitive": false,
                    "type": "list",
                    "value": []
                },
                "igw_id": {
                    "sensitive": false,
                    "type": "string",
                    "value": "igw-05fc137358f890b02"
                },
                "intra_route_table_ids": {
                    "sensitive": false,
                    "type": "list",
                    "value": []
                },
                "intra_subnets": {
                    "sensitive": false,
                    "type": "list",
                    "value": []
                },
                "intra_subnets_cidr_blocks": {
                    "sensitive": false,
                    "type": "list",
                    "value": []
                },
                "nat_ids": {
                    "sensitive": false,
                    "type": "list",
                    "value": [
                        "eipalloc-0b95ee5c38d61a201"
                    ]
                },
                "nat_public_ips": {
                    "sensitive": false,
                    "type": "list",
                    "value": [
                        "54.83.142.60"
                    ]
                },
                "natgw_ids": {
                    "sensitive": false,
                    "type": "list",
                    "value": [
                        "nat-056b36015a0e516e1"
                    ]
                },
                "private_route_table_ids": {
                    "sensitive": false,
                    "type": "list",
                    "value": [
                        "rtb-06f551dc5000c66a6"
                    ]
                },
                "private_subnets": {
                    "sensitive": false,
                    "type": "list",
                    "value": [
                        "subnet-00de4acd27a477d75",
                        "subnet-0585e52055865e24c"
                    ]
                },
                "private_subnets_cidr_blocks": {
                    "sensitive": false,
                    "type": "list",
                    "value": [
                        "10.1.10.0/24",
                        "10.1.11.0/24"
                    ]
                },
                "public_route_table_ids": {
                    "sensitive": false,
                    "type": "list",
                    "value": [
                        "rtb-070a9fa8004df1a9f"
                    ]
                },
                "public_subnets": {
                    "sensitive": false,
                    "type": "list",
                    "value": [
                        "subnet-04d8ae703ea13ae6d",
                        "subnet-0cd56823e5505f2b7"
                    ]
                },
                "public_subnets_cidr_blocks": {
                    "sensitive": false,
                    "type": "list",
                    "value": [
                        "10.1.20.0/24",
                        "10.1.21.0/24"
                    ]
                },
                "redshift_route_table_ids": {
                    "sensitive": false,
                    "type": "list",
                    "value": [
                        "rtb-06f551dc5000c66a6"
                    ]
                },
                "redshift_subnet_group": {
                    "sensitive": false,
                    "type": "string",
                    "value": ""
                },
                "redshift_subnets": {
                    "sensitive": false,
                    "type": "list",
                    "value": []
                },
                "redshift_subnets_cidr_blocks": {
                    "sensitive": false,
                    "type": "list",
                    "value": []
                },
                "vgw_id": {
                    "sensitive": false,
                    "type": "string",
                    "value": ""
                },
                "vpc_cidr_block": {
                    "sensitive": false,
                    "type": "string",
                    "value": "10.1.0.0/16"
                },
                "vpc_enable_dns_hostnames": {
                    "sensitive": false,
                    "type": "string",
                    "value": "true"
                },
                "vpc_enable_dns_support": {
                    "sensitive": false,
                    "type": "string",
                    "value": "true"
                },
                "vpc_endpoint_dynamodb_id": {
                    "sensitive": false,
                    "type": "string",
                    "value": ""
                },
                "vpc_endpoint_dynamodb_pl_id": {
                    "sensitive": false,
                    "type": "string",
                    "value": ""
                },
                "vpc_endpoint_ec2_dns_entry": {
                    "sensitive": false,
                    "type": "list",
                    "value": []
                },
                "vpc_endpoint_ec2_id": {
                    "sensitive": false,
                    "type": "string",
                    "value": ""
                },
                "vpc_endpoint_ec2_network_interface_ids": {
                    "sensitive": false,
                    "type": "list",
                    "value": []
                },
                "vpc_endpoint_s3_id": {
                    "sensitive": false,
                    "type": "string",
                    "value": ""
                },
                "vpc_endpoint_s3_pl_id": {
                    "sensitive": false,
                    "type": "string",
                    "value": ""
                },
                "vpc_endpoint_ssm_dns_entry": {
                    "sensitive": false,
                    "type": "list",
                    "value": []
                },
                "vpc_endpoint_ssm_id": {
                    "sensitive": false,
                    "type": "string",
                    "value": ""
                },
                "vpc_endpoint_ssm_network_interface_ids": {
                    "sensitive": false,
                    "type": "list",
                    "value": []
                },
                "vpc_id": {
                    "sensitive": false,
                    "type": "string",
                    "value": "vpc-038f6e2bb94576121"
                },
                "vpc_instance_tenancy": {
                    "sensitive": false,
                    "type": "string",
                    "value": "default"
                },
                "vpc_main_route_table_id": {
                    "sensitive": false,
                    "type": "string",
                    "value": "rtb-0f520b4cce2698289"
                },
                "vpc_secondary_cidr_blocks": {
                    "sensitive": false,
                    "type": "list",
                    "value": []
                }
            },
            "resources": {
                "aws_db_subnet_group.database": {
                    "type": "aws_db_subnet_group",
                    "depends_on": [
                        "aws_subnet.database.*"
                    ],
                    "primary": {
                        "id": "bumblebee-prod",
                        "attributes": {
                            "arn": "arn:aws:rds:us-east-1:860030201430:subgrp:bumblebee-prod",
                            "description": "Database subnet group for bumblebee-prod",
                            "id": "bumblebee-prod",
                            "name": "bumblebee-prod",
                            "subnet_ids.#": "2",
                            "subnet_ids.2131686072": "subnet-0838406df9f18501d",
                            "subnet_ids.2152401114": "subnet-07ee9dc7730738bbe",
                            "tags.%": "1",
                            "tags.Name": "bumblebee-prod"
                        },
                        "meta": {},
                        "tainted": false
                    },
                    "deposed": [],
                    "provider": "provider.aws"
                },
                "aws_eip.nat": {
                    "type": "aws_eip",
                    "depends_on": [
                        "local.nat_gateway_count"
                    ],
                    "primary": {
                        "id": "eipalloc-0b95ee5c38d61a201",
                        "attributes": {
                            "association_id": "eipassoc-f029135b",
                            "domain": "vpc",
                            "id": "eipalloc-0b95ee5c38d61a201",
                            "instance": "",
                            "network_interface": "eni-07901a521f46bcb53",
                            "private_ip": "10.1.20.5",
                            "public_ip": "54.83.142.60",
                            "public_ipv4_pool": "amazon",
                            "tags.%": "1",
                            "tags.Name": "bumblebee-prod-us-east-1a",
                            "vpc": "true"
                        },
                        "meta": {
                            "e2bfb730-ecaa-11e6-8f88-34363bc7c4c0": {
                                "delete": 180000000000,
                                "read": 900000000000,
                                "update": 300000000000
                            }
                        },
                        "tainted": false
                    },
                    "deposed": [],
                    "provider": "provider.aws"
                },
                "aws_internet_gateway.this": {
                    "type": "aws_internet_gateway",
                    "depends_on": [
                        "local.vpc_id"
                    ],
                    "primary": {
                        "id": "igw-05fc137358f890b02",
                        "attributes": {
                            "id": "igw-05fc137358f890b02",
                            "owner_id": "860030201430",
                            "tags.%": "1",
                            "tags.Name": "bumblebee-prod",
                            "vpc_id": "vpc-038f6e2bb94576121"
                        },
                        "meta": {},
                        "tainted": false
                    },
                    "deposed": [],
                    "provider": "provider.aws"
                },
                "aws_nat_gateway.this": {
                    "type": "aws_nat_gateway",
                    "depends_on": [
                        "aws_internet_gateway.this",
                        "aws_subnet.public.*",
                        "local.nat_gateway_count",
                        "local.nat_gateway_ips"
                    ],
                    "primary": {
                        "id": "nat-056b36015a0e516e1",
                        "attributes": {
                            "allocation_id": "eipalloc-0b95ee5c38d61a201",
                            "id": "nat-056b36015a0e516e1",
                            "network_interface_id": "eni-07901a521f46bcb53",
                            "private_ip": "10.1.20.5",
                            "public_ip": "54.83.142.60",
                            "subnet_id": "subnet-04d8ae703ea13ae6d",
                            "tags.%": "1",
                            "tags.Name": "bumblebee-prod-us-east-1a"
                        },
                        "meta": {},
                        "tainted": false
                    },
                    "deposed": [],
                    "provider": "provider.aws"
                },
                "aws_route.private_nat_gateway": {
                    "type": "aws_route",
                    "depends_on": [
                        "aws_nat_gateway.this.*",
                        "aws_route_table.private.*",
                        "local.nat_gateway_count"
                    ],
                    "primary": {
                        "id": "r-rtb-06f551dc5000c66a61080289494",
                        "attributes": {
                            "destination_cidr_block": "0.0.0.0/0",
                            "destination_prefix_list_id": "",
                            "egress_only_gateway_id": "",
                            "gateway_id": "",
                            "id": "r-rtb-06f551dc5000c66a61080289494",
                            "instance_id": "",
                            "instance_owner_id": "",
                            "nat_gateway_id": "nat-056b36015a0e516e1",
                            "network_interface_id": "",
                            "origin": "CreateRoute",
                            "route_table_id": "rtb-06f551dc5000c66a6",
                            "state": "active",
                            "transit_gateway_id": "",
                            "vpc_peering_connection_id": ""
                        },
                        "meta": {
                            "e2bfb730-ecaa-11e6-8f88-34363bc7c4c0": {
                                "create": 300000000000,
                                "delete": 300000000000
                            }
                        },
                        "tainted": false
                    },
                    "deposed": [],
                    "provider": "provider.aws"
                },
                "aws_route.public_internet_gateway": {
                    "type": "aws_route",
                    "depends_on": [
                        "aws_internet_gateway.this",
                        "aws_route_table.public"
                    ],
                    "primary": {
                        "id": "r-rtb-070a9fa8004df1a9f1080289494",
                        "attributes": {
                            "destination_cidr_block": "0.0.0.0/0",
                            "destination_prefix_list_id": "",
                            "egress_only_gateway_id": "",
                            "gateway_id": "igw-05fc137358f890b02",
                            "id": "r-rtb-070a9fa8004df1a9f1080289494",
                            "instance_id": "",
                            "instance_owner_id": "",
                            "nat_gateway_id": "",
                            "network_interface_id": "",
                            "origin": "CreateRoute",
                            "route_table_id": "rtb-070a9fa8004df1a9f",
                            "state": "active",
                            "transit_gateway_id": "",
                            "vpc_peering_connection_id": ""
                        },
                        "meta": {
                            "e2bfb730-ecaa-11e6-8f88-34363bc7c4c0": {
                                "create": 300000000000,
                                "delete": 300000000000
                            }
                        },
                        "tainted": false
                    },
                    "deposed": [],
                    "provider": "provider.aws"
                },
                "aws_route_table.private": {
                    "type": "aws_route_table",
                    "depends_on": [
                        "local.max_subnet_length",
                        "local.nat_gateway_count",
                        "local.vpc_id"
                    ],
                    "primary": {
                        "id": "rtb-06f551dc5000c66a6",
                        "attributes": {
                            "id": "rtb-06f551dc5000c66a6",
                            "owner_id": "860030201430",
                            "propagating_vgws.#": "0",
                            "route.#": "1",
                            "route.3519305308.cidr_block": "0.0.0.0/0",
                            "route.3519305308.egress_only_gateway_id": "",
                            "route.3519305308.gateway_id": "",
                            "route.3519305308.instance_id": "",
                            "route.3519305308.ipv6_cidr_block": "",
                            "route.3519305308.nat_gateway_id": "nat-056b36015a0e516e1",
                            "route.3519305308.network_interface_id": "",
                            "route.3519305308.transit_gateway_id": "",
                            "route.3519305308.vpc_peering_connection_id": "",
                            "tags.%": "1",
                            "tags.Name": "bumblebee-prod-private",
                            "vpc_id": "vpc-038f6e2bb94576121"
                        },
                        "meta": {},
                        "tainted": false
                    },
                    "deposed": [],
                    "provider": "provider.aws"
                },
                "aws_route_table.public": {
                    "type": "aws_route_table",
                    "depends_on": [
                        "local.vpc_id"
                    ],
                    "primary": {
                        "id": "rtb-070a9fa8004df1a9f",
                        "attributes": {
                            "id": "rtb-070a9fa8004df1a9f",
                            "owner_id": "860030201430",
                            "propagating_vgws.#": "0",
                            "route.#": "1",
                            "route.1344351911.cidr_block": "0.0.0.0/0",
                            "route.1344351911.egress_only_gateway_id": "",
                            "route.1344351911.gateway_id": "igw-05fc137358f890b02",
                            "route.1344351911.instance_id": "",
                            "route.1344351911.ipv6_cidr_block": "",
                            "route.1344351911.nat_gateway_id": "",
                            "route.1344351911.network_interface_id": "",
                            "route.1344351911.transit_gateway_id": "",
                            "route.1344351911.vpc_peering_connection_id": "",
                            "tags.%": "1",
                            "tags.Name": "bumblebee-prod-public",
                            "vpc_id": "vpc-038f6e2bb94576121"
                        },
                        "meta": {},
                        "tainted": false
                    },
                    "deposed": [],
                    "provider": "provider.aws"
                },
                "aws_route_table_association.database.0": {
                    "type": "aws_route_table_association",
                    "depends_on": [
                        "aws_route_table.database.*",
                        "aws_route_table.private.*",
                        "aws_subnet.database.*"
                    ],
                    "primary": {
                        "id": "rtbassoc-0769eb09a07cdeb7f",
                        "attributes": {
                            "id": "rtbassoc-0769eb09a07cdeb7f",
                            "route_table_id": "rtb-06f551dc5000c66a6",
                            "subnet_id": "subnet-07ee9dc7730738bbe"
                        },
                        "meta": {},
                        "tainted": false
                    },
                    "deposed": [],
                    "provider": "provider.aws"
                },
                "aws_route_table_association.database.1": {
                    "type": "aws_route_table_association",
                    "depends_on": [
                        "aws_route_table.database.*",
                        "aws_route_table.private.*",
                        "aws_subnet.database.*"
                    ],
                    "primary": {
                        "id": "rtbassoc-00ac9af44a410ae28",
                        "attributes": {
                            "id": "rtbassoc-00ac9af44a410ae28",
                            "route_table_id": "rtb-06f551dc5000c66a6",
                            "subnet_id": "subnet-0838406df9f18501d"
                        },
                        "meta": {},
                        "tainted": false
                    },
                    "deposed": [],
                    "provider": "provider.aws"
                },
                "aws_route_table_association.private.0": {
                    "type": "aws_route_table_association",
                    "depends_on": [
                        "aws_route_table.private.*",
                        "aws_subnet.private.*"
                    ],
                    "primary": {
                        "id": "rtbassoc-0ed0a7961783c581b",
                        "attributes": {
                            "id": "rtbassoc-0ed0a7961783c581b",
                            "route_table_id": "rtb-06f551dc5000c66a6",
                            "subnet_id": "subnet-00de4acd27a477d75"
                        },
                        "meta": {},
                        "tainted": false
                    },
                    "deposed": [],
                    "provider": "provider.aws"
                },
                "aws_route_table_association.private.1": {
                    "type": "aws_route_table_association",
                    "depends_on": [
                        "aws_route_table.private.*",
                        "aws_subnet.private.*"
                    ],
                    "primary": {
                        "id": "rtbassoc-078a4b20ddaaf4ab2",
                        "attributes": {
                            "id": "rtbassoc-078a4b20ddaaf4ab2",
                            "route_table_id": "rtb-06f551dc5000c66a6",
                            "subnet_id": "subnet-0585e52055865e24c"
                        },
                        "meta": {},
                        "tainted": false
                    },
                    "deposed": [],
                    "provider": "provider.aws"
                },
                "aws_route_table_association.public.0": {
                    "type": "aws_route_table_association",
                    "depends_on": [
                        "aws_route_table.public",
                        "aws_subnet.public.*"
                    ],
                    "primary": {
                        "id": "rtbassoc-0fdca6403dd037365",
                        "attributes": {
                            "id": "rtbassoc-0fdca6403dd037365",
                            "route_table_id": "rtb-070a9fa8004df1a9f",
                            "subnet_id": "subnet-04d8ae703ea13ae6d"
                        },
                        "meta": {},
                        "tainted": false
                    },
                    "deposed": [],
                    "provider": "provider.aws"
                },
                "aws_route_table_association.public.1": {
                    "type": "aws_route_table_association",
                    "depends_on": [
                        "aws_route_table.public",
                        "aws_subnet.public.*"
                    ],
                    "primary": {
                        "id": "rtbassoc-044424eea187d7f51",
                        "attributes": {
                            "id": "rtbassoc-044424eea187d7f51",
                            "route_table_id": "rtb-070a9fa8004df1a9f",
                            "subnet_id": "subnet-0cd56823e5505f2b7"
                        },
                        "meta": {},
                        "tainted": false
                    },
                    "deposed": [],
                    "provider": "provider.aws"
                },
                "aws_subnet.database.0": {
                    "type": "aws_subnet",
                    "depends_on": [
                        "local.vpc_id"
                    ],
                    "primary": {
                        "id": "subnet-07ee9dc7730738bbe",
                        "attributes": {
                            "arn": "arn:aws:ec2:us-east-1:860030201430:subnet/subnet-07ee9dc7730738bbe",
                            "assign_ipv6_address_on_creation": "false",
                            "availability_zone": "us-east-1a",
                            "availability_zone_id": "use1-az6",
                            "cidr_block": "10.1.30.0/24",
                            "id": "subnet-07ee9dc7730738bbe",
                            "ipv6_cidr_block": "",
                            "ipv6_cidr_block_association_id": "",
                            "map_public_ip_on_launch": "false",
                            "owner_id": "860030201430",
                            "tags.%": "1",
                            "tags.Name": "bumblebee-prod-db-us-east-1a",
                            "vpc_id": "vpc-038f6e2bb94576121"
                        },
                        "meta": {
                            "e2bfb730-ecaa-11e6-8f88-34363bc7c4c0": {
                                "create": 600000000000,
                                "delete": 600000000000
                            },
                            "schema_version": "1"
                        },
                        "tainted": false
                    },
                    "deposed": [],
                    "provider": "provider.aws"
                },
                "aws_subnet.database.1": {
                    "type": "aws_subnet",
                    "depends_on": [
                        "local.vpc_id"
                    ],
                    "primary": {
                        "id": "subnet-0838406df9f18501d",
                        "attributes": {
                            "arn": "arn:aws:ec2:us-east-1:860030201430:subnet/subnet-0838406df9f18501d",
                            "assign_ipv6_address_on_creation": "false",
                            "availability_zone": "us-east-1c",
                            "availability_zone_id": "use1-az2",
                            "cidr_block": "10.1.31.0/24",
                            "id": "subnet-0838406df9f18501d",
                            "ipv6_cidr_block": "",
                            "ipv6_cidr_block_association_id": "",
                            "map_public_ip_on_launch": "false",
                            "owner_id": "860030201430",
                            "tags.%": "1",
                            "tags.Name": "bumblebee-prod-db-us-east-1c",
                            "vpc_id": "vpc-038f6e2bb94576121"
                        },
                        "meta": {
                            "e2bfb730-ecaa-11e6-8f88-34363bc7c4c0": {
                                "create": 600000000000,
                                "delete": 600000000000
                            },
                            "schema_version": "1"
                        },
                        "tainted": false
                    },
                    "deposed": [],
                    "provider": "provider.aws"
                },
                "aws_subnet.private.0": {
                    "type": "aws_subnet",
                    "depends_on": [
                        "local.vpc_id"
                    ],
                    "primary": {
                        "id": "subnet-00de4acd27a477d75",
                        "attributes": {
                            "arn": "arn:aws:ec2:us-east-1:860030201430:subnet/subnet-00de4acd27a477d75",
                            "assign_ipv6_address_on_creation": "false",
                            "availability_zone": "us-east-1a",
                            "availability_zone_id": "use1-az6",
                            "cidr_block": "10.1.10.0/24",
                            "id": "subnet-00de4acd27a477d75",
                            "ipv6_cidr_block": "",
                            "ipv6_cidr_block_association_id": "",
                            "map_public_ip_on_launch": "false",
                            "owner_id": "860030201430",
                            "tags.%": "1",
                            "tags.Name": "bumblebee-prod-private-us-east-1a",
                            "vpc_id": "vpc-038f6e2bb94576121"
                        },
                        "meta": {
                            "e2bfb730-ecaa-11e6-8f88-34363bc7c4c0": {
                                "create": 600000000000,
                                "delete": 600000000000
                            },
                            "schema_version": "1"
                        },
                        "tainted": false
                    },
                    "deposed": [],
                    "provider": "provider.aws"
                },
                "aws_subnet.private.1": {
                    "type": "aws_subnet",
                    "depends_on": [
                        "local.vpc_id"
                    ],
                    "primary": {
                        "id": "subnet-0585e52055865e24c",
                        "attributes": {
                            "arn": "arn:aws:ec2:us-east-1:860030201430:subnet/subnet-0585e52055865e24c",
                            "assign_ipv6_address_on_creation": "false",
                            "availability_zone": "us-east-1c",
                            "availability_zone_id": "use1-az2",
                            "cidr_block": "10.1.11.0/24",
                            "id": "subnet-0585e52055865e24c",
                            "ipv6_cidr_block": "",
                            "ipv6_cidr_block_association_id": "",
                            "map_public_ip_on_launch": "false",
                            "owner_id": "860030201430",
                            "tags.%": "1",
                            "tags.Name": "bumblebee-prod-private-us-east-1c",
                            "vpc_id": "vpc-038f6e2bb94576121"
                        },
                        "meta": {
                            "e2bfb730-ecaa-11e6-8f88-34363bc7c4c0": {
                                "create": 600000000000,
                                "delete": 600000000000
                            },
                            "schema_version": "1"
                        },
                        "tainted": false
                    },
                    "deposed": [],
                    "provider": "provider.aws"
                },
                "aws_subnet.public.0": {
                    "type": "aws_subnet",
                    "depends_on": [
                        "local.vpc_id"
                    ],
                    "primary": {
                        "id": "subnet-04d8ae703ea13ae6d",
                        "attributes": {
                            "arn": "arn:aws:ec2:us-east-1:860030201430:subnet/subnet-04d8ae703ea13ae6d",
                            "assign_ipv6_address_on_creation": "false",
                            "availability_zone": "us-east-1a",
                            "availability_zone_id": "use1-az6",
                            "cidr_block": "10.1.20.0/24",
                            "id": "subnet-04d8ae703ea13ae6d",
                            "ipv6_cidr_block": "",
                            "ipv6_cidr_block_association_id": "",
                            "map_public_ip_on_launch": "true",
                            "owner_id": "860030201430",
                            "tags.%": "1",
                            "tags.Name": "bumblebee-prod-public-us-east-1a",
                            "vpc_id": "vpc-038f6e2bb94576121"
                        },
                        "meta": {
                            "e2bfb730-ecaa-11e6-8f88-34363bc7c4c0": {
                                "create": 600000000000,
                                "delete": 600000000000
                            },
                            "schema_version": "1"
                        },
                        "tainted": false
                    },
                    "deposed": [],
                    "provider": "provider.aws"
                },
                "aws_subnet.public.1": {
                    "type": "aws_subnet",
                    "depends_on": [
                        "local.vpc_id"
                    ],
                    "primary": {
                        "id": "subnet-0cd56823e5505f2b7",
                        "attributes": {
                            "arn": "arn:aws:ec2:us-east-1:860030201430:subnet/subnet-0cd56823e5505f2b7",
                            "assign_ipv6_address_on_creation": "false",
                            "availability_zone": "us-east-1c",
                            "availability_zone_id": "use1-az2",
                            "cidr_block": "10.1.21.0/24",
                            "id": "subnet-0cd56823e5505f2b7",
                            "ipv6_cidr_block": "",
                            "ipv6_cidr_block_association_id": "",
                            "map_public_ip_on_launch": "true",
                            "owner_id": "860030201430",
                            "tags.%": "1",
                            "tags.Name": "bumblebee-prod-public-us-east-1c",
                            "vpc_id": "vpc-038f6e2bb94576121"
                        },
                        "meta": {
                            "e2bfb730-ecaa-11e6-8f88-34363bc7c4c0": {
                                "create": 600000000000,
                                "delete": 600000000000
                            },
                            "schema_version": "1"
                        },
                        "tainted": false
                    },
                    "deposed": [],
                    "provider": "provider.aws"
                },
                "aws_vpc.this": {
                    "type": "aws_vpc",
                    "depends_on": [],
                    "primary": {
                        "id": "vpc-038f6e2bb94576121",
                        "attributes": {
                            "arn": "arn:aws:ec2:us-east-1:860030201430:vpc/vpc-038f6e2bb94576121",
                            "assign_generated_ipv6_cidr_block": "false",
                            "cidr_block": "10.1.0.0/16",
                            "default_network_acl_id": "acl-0e97467c74a54ab4b",
                            "default_route_table_id": "rtb-0f520b4cce2698289",
                            "default_security_group_id": "sg-083233889b060f6ab",
                            "dhcp_options_id": "dopt-9b3446ff",
                            "enable_classiclink": "false",
                            "enable_classiclink_dns_support": "false",
                            "enable_dns_hostnames": "true",
                            "enable_dns_support": "true",
                            "id": "vpc-038f6e2bb94576121",
                            "instance_tenancy": "default",
                            "ipv6_association_id": "",
                            "ipv6_cidr_block": "",
                            "main_route_table_id": "rtb-0f520b4cce2698289",
                            "owner_id": "860030201430",
                            "tags.%": "2",
                            "tags.Name": "bumblebee-prod",
                            "tags.Project": "bumblebee-prod"
                        },
                        "meta": {
                            "schema_version": "1"
                        },
                        "tainted": false
                    },
                    "deposed": [],
                    "provider": "provider.aws"
                }
            },
            "depends_on": []
        }
    ]
}
